// !$*UTF8*$!
{
	archiveVersion = 1;
	classes = {
	};
	objectVersion = 46;
	objects = {

/* Begin PBXBuildFile section */
		C07D33231B798DA3002F723E /* main.m in Sources */ = {isa = PBXBuildFile; fileRef = C07D33221B798DA3002F723E /* main.m */; };
		C07D33261B798DA3002F723E /* AppDelegate.m in Sources */ = {isa = PBXBuildFile; fileRef = C07D33251B798DA3002F723E /* AppDelegate.m */; };
		C07D33291B798DA3002F723E /* ViewController.m in Sources */ = {isa = PBXBuildFile; fileRef = C07D33281B798DA3002F723E /* ViewController.m */; };
		C07D332C1B798DA3002F723E /* Main.storyboard in Resources */ = {isa = PBXBuildFile; fileRef = C07D332A1B798DA3002F723E /* Main.storyboard */; };
		C07D332E1B798DA3002F723E /* Images.xcassets in Resources */ = {isa = PBXBuildFile; fileRef = C07D332D1B798DA3002F723E /* Images.xcassets */; };
		C07D33311B798DA3002F723E /* LaunchScreen.xib in Resources */ = {isa = PBXBuildFile; fileRef = C07D332F1B798DA3002F723E /* LaunchScreen.xib */; };
		C07D333D1B798DA3002F723E /* TableViewDemoTests.m in Sources */ = {isa = PBXBuildFile; fileRef = C07D333C1B798DA3002F723E /* TableViewDemoTests.m */; };
/* End PBXBuildFile section */

/* Begin PBXContainerItemProxy section */
		C07D33371B798DA3002F723E /* PBXContainerItemProxy */ = {
			isa = PBXContainerItemProxy;
			containerPortal = C07D33151B798DA3002F723E /* Project object */;
			proxyType = 1;
			remoteGlobalIDString = C07D331C1B798DA3002F723E;
			remoteInfo = TableViewDemo;
		};
/* End PBXContainerItemProxy section */

/* Begin PBXFileReference section */
		C07D331D1B798DA3002F723E /* TableViewDemo.app */ = {isa = PBXFileReference; explicitFileType = wrapper.application; includeInIndex = 0; path = TableViewDemo.app; sourceTree = BUILT_PRODUCTS_DIR; };
		C07D33211B798DA3002F723E /* Info.plist */ = {isa = PBXFileReference; lastKnownFileType = text.plist.xml; path = Info.plist; sourceTree = "<group>"; };
		C07D33221B798DA3002F723E /* main.m */ = {isa = PBXFileReference; lastKnownFileType = sourcecode.c.objc; path = main.m; sourceTree = "<group>"; };
		C07D33241B798DA3002F723E /* AppDelegate.h */ = {isa = PBXFileReference; lastKnownFileType = sourcecode.c.h; path = AppDelegate.h; sourceTree = "<group>"; };
		C07D33251B798DA3002F723E /* AppDelegate.m */ = {isa = PBXFileReference; lastKnownFileType = sourcecode.c.objc; path = AppDelegate.m; sourceTree = "<group>"; };
		C07D33271B798DA3002F723E /* ViewController.h */ = {isa = PBXFileReference; lastKnownFileType = sourcecode.c.h; path = ViewController.h; sourceTree = "<group>"; };
		C07D33281B798DA3002F723E /* ViewController.m */ = {isa = PBXFileReference; lastKnownFileType = sourcecode.c.objc; path = ViewController.m; sourceTree = "<group>"; };
		C07D332B1B798DA3002F723E /* Base */ = {isa = PBXFileReference; lastKnownFileType = file.storyboard; name = Base; path = Base.lproj/Main.storyboard; sourceTree = "<group>"; };
		C07D332D1B798DA3002F723E /* Images.xcassets */ = {isa = PBXFileReference; lastKnownFileType = folder.assetcatalog; path = Images.xcassets; sourceTree = "<group>"; };
		C07D33301B798DA3002F723E /* Base */ = {isa = PBXFileReference; lastKnownFileType = file.xib; name = Base; path = Base.lproj/LaunchScreen.xib; sourceTree = "<group>"; };
		C07D33361B798DA3002F723E /* TableViewDemoTests.xctest */ = {isa = PBXFileReference; explicitFileType = wrapper.cfbundle; includeInIndex = 0; path = TableViewDemoTests.xctest; sourceTree = BUILT_PRODUCTS_DIR; };
		C07D333B1B798DA3002F723E /* Info.plist */ = {isa = PBXFileReference; lastKnownFileType = text.plist.xml; path = Info.plist; sourceTree = "<group>"; };
		C07D333C1B798DA3002F723E /* TableViewDemoTests.m */ = {isa = PBXFileReference; lastKnownFileType = sourcecode.c.objc; path = TableViewDemoTests.m; sourceTree = "<group>"; };
/* End PBXFileReference section */

/* Begin PBXFrameworksBuildPhase section */
		C07D331A1B798DA3002F723E /* Frameworks */ = {
			isa = PBXFrameworksBuildPhase;
			buildActionMask = 2147483647;
			files = (
			);
			runOnlyForDeploymentPostprocessing = 0;
		};
		C07D33331B798DA3002F723E /* Frameworks */ = {
			isa = PBXFrameworksBuildPhase;
			buildActionMask = 2147483647;
			files = (
			);
			runOnlyForDeploymentPostprocessing = 0;
		};
/* End PBXFrameworksBuildPhase section */

/* Begin PBXGroup section */
		C07D33141B798DA3002F723E = {
			isa = PBXGroup;
			children = (
				C07D331F1B798DA3002F723E /* TableViewDemo */,
				C07D33391B798DA3002F723E /* TableViewDemoTests */,
				C07D331E1B798DA3002F723E /* Products */,
			);
			sourceTree = "<group>";
		};
		C07D331E1B798DA3002F723E /* Products */ = {
			isa = PBXGroup;
			children = (
				C07D331D1B798DA3002F723E /* TableViewDemo.app */,
				C07D33361B798DA3002F723E /* TableViewDemoTests.xctest */,
			);
			name = Products;
			sourceTree = "<group>";
		};
		C07D331F1B798DA3002F723E /* TableViewDemo */ = {
			isa = PBXGroup;
			children = (
				C07D33241B798DA3002F723E /* AppDelegate.h */,
				C07D33251B798DA3002F723E /* AppDelegate.m */,
				C07D33271B798DA3002F723E /* ViewController.h */,
				C07D33281B798DA3002F723E /* ViewController.m */,
				C07D332A1B798DA3002F723E /* Main.storyboard */,
				C07D332D1B798DA3002F723E /* Images.xcassets */,
				C07D332F1B798DA3002F723E /* LaunchScreen.xib */,
				C07D33201B798DA3002F723E /* Supporting Files */,
			);
			path = TableViewDemo;
			sourceTree = "<group>";
		};
		C07D33201B798DA3002F723E /* Supporting Files */ = {
			isa = PBXGroup;
			children = (
				C07D33211B798DA3002F723E /* Info.plist */,
				C07D33221B798DA3002F723E /* main.m */,
			);
			name = "Supporting Files";
			sourceTree = "<group>";
		};
		C07D33391B798DA3002F723E /* TableViewDemoTests */ = {
			isa = PBXGroup;
			children = (
				C07D333C1B798DA3002F723E /* TableViewDemoTests.m */,
				C07D333A1B798DA3002F723E /* Supporting Files */,
			);
			path = TableViewDemoTests;
			sourceTree = "<group>";
		};
		C07D333A1B798DA3002F723E /* Supporting Files */ = {
			isa = PBXGroup;
			children = (
				C07D333B1B798DA3002F723E /* Info.plist */,
			);
			name = "Supporting Files";
			sourceTree = "<group>";
		};
/* End PBXGroup section */

/* Begin PBXNativeTarget section */
		C07D331C1B798DA3002F723E /* TableViewDemo */ = {
			isa = PBXNativeTarget;
			buildConfigurationList = C07D33401B798DA3002F723E /* Build configuration list for PBXNativeTarget "TableViewDemo" */;
			buildPhases = (
				C07D33191B798DA3002F723E /* Sources */,
				C07D331A1B798DA3002F723E /* Frameworks */,
				C07D331B1B798DA3002F723E /* Resources */,
			);
			buildRules = (
			);
			dependencies = (
			);
			name = TableViewDemo;
			productName = TableViewDemo;
			productReference = C07D331D1B798DA3002F723E /* TableViewDemo.app */;
			productType = "com.apple.product-type.application";
		};
		C07D33351B798DA3002F723E /* TableViewDemoTests */ = {
			isa = PBXNativeTarget;
			buildConfigurationList = C07D33431B798DA3002F723E /* Build configuration list for PBXNativeTarget "TableViewDemoTests" */;
			buildPhases = (
				C07D33321B798DA3002F723E /* Sources */,
				C07D33331B798DA3002F723E /* Frameworks */,
				C07D33341B798DA3002F723E /* Resources */,
			);
			buildRules = (
			);
			dependencies = (
				C07D33381B798DA3002F723E /* PBXTargetDependency */,
			);
			name = TableViewDemoTests;
			productName = TableViewDemoTests;
			productReference = C07D33361B798DA3002F723E /* TableViewDemoTests.xctest */;
			productType = "com.apple.product-type.bundle.unit-test";
		};
/* End PBXNativeTarget section */

/* Begin PBXProject section */
		C07D33151B798DA3002F723E /* Project object */ = {
			isa = PBXProject;
			attributes = {
				LastUpgradeCheck = 0640;
				ORGANIZATIONNAME = sunhuayu;
				TargetAttributes = {
					C07D331C1B798DA3002F723E = {
						CreatedOnToolsVersion = 6.4;
					};
					C07D33351B798DA3002F723E = {
						CreatedOnToolsVersion = 6.4;
						TestTargetID = C07D331C1B798DA3002F723E;
					};
				};
			};
			buildConfigurationList = C07D33181B798DA3002F723E /* Build configuration list for PBXProject "TableViewDemo" */;
			compatibilityVersion = "Xcode 3.2";
			developmentRegion = English;
			hasScannedForEncodings = 0;
			knownRegions = (
				en,
				Base,
			);
			mainGroup = C07D33141B798DA3002F723E;
			productRefGroup = C07D331E1B798DA3002F723E /* Products */;
			projectDirPath = "";
			projectRoot = "";
			targets = (
				C07D331C1B798DA3002F723E /* TableViewDemo */,
				C07D33351B798DA3002F723E /* TableViewDemoTests */,
			);
		};
/* End PBXProject section */

/* Begin PBXResourcesBuildPhase section */
		C07D331B1B798DA3002F723E /* Resources */ = {
			isa = PBXResourcesBuildPhase;
			buildActionMask = 2147483647;
			files = (
				C07D332C1B798DA3002F723E /* Main.storyboard in Resources */,
				C07D33311B798DA3002F723E /* LaunchScreen.xib in Resources */,
				C07D332E1B798DA3002F723E /* Images.xcassets in Resources */,
			);
			runOnlyForDeploymentPostprocessing = 0;
		};
		C07D33341B798DA3002F723E /* Resources */ = {
			isa = PBXResourcesBuildPhase;
			buildActionMask = 2147483647;
			files = (
			);
			runOnlyForDeploymentPostprocessing = 0;
		};
/* End PBXResourcesBuildPhase section */

/* Begin PBXSourcesBuildPhase section */
		C07D33191B798DA3002F723E /* Sources */ = {
			isa = PBXSourcesBuildPhase;
			buildActionMask = 2147483647;
			files = (
				C07D33291B798DA3002F723E /* ViewController.m in Sources */,
				C07D33261B798DA3002F723E /* AppDelegate.m in Sources */,
				C07D33231B798DA3002F723E /* main.m in Sources */,
			);
			runOnlyForDeploymentPostprocessing = 0;
		};
		C07D33321B798DA3002F723E /* Sources */ = {
			isa = PBXSourcesBuildPhase;
			buildActionMask = 2147483647;
			files = (
				C07D333D1B798DA3002F723E /* TableViewDemoTests.m in Sources */,
			);
			runOnlyForDeploymentPostprocessing = 0;
		};
/* End PBXSourcesBuildPhase section */

/* Begin PBXTargetDependency section */
		C07D33381B798DA3002F723E /* PBXTargetDependency */ = {
			isa = PBXTargetDependency;
			target = C07D331C1B798DA3002F723E /* TableViewDemo */;
			targetProxy = C07D33371B798DA3002F723E /* PBXContainerItemProxy */;
		};
/* End PBXTargetDependency section */

/* Begin PBXVariantGroup section */
		C07D332A1B798DA3002F723E /* Main.storyboard */ = {
			isa = PBXVariantGroup;
			children = (
				C07D332B1B798DA3002F723E /* Base */,
			);
			name = Main.storyboard;
			sourceTree = "<group>";
		};
		C07D332F1B798DA3002F723E /* LaunchScreen.xib */ = {
			isa = PBXVariantGroup;
			children = (
				C07D33301B798DA3002F723E /* Base */,
			);
			name = LaunchScreen.xib;
			sourceTree = "<group>";
		};
/* End PBXVariantGroup section */

/* Begin XCBuildConfiguration section */
		C07D333E1B798DA3002F723E /* Debug */ = {
			isa = XCBuildConfiguration;
			buildSettings = {
				ALWAYS_SEARCH_USER_PATHS = NO;
				CLANG_CXX_LANGUAGE_STANDARD = "gnu++0x";
				CLANG_CXX_LIBRARY = "libc++";
				CLANG_ENABLE_MODULES = YES;
				CLANG_ENABLE_OBJC_ARC = YES;
				CLANG_WARN_BOOL_CONVERSION = YES;
				CLANG_WARN_CONSTANT_CONVERSION = YES;
				CLANG_WARN_DIRECT_OBJC_ISA_USAGE = YES_ERROR;
				CLANG_WARN_EMPTY_BODY = YES;
				CLANG_WARN_ENUM_CONVERSION = YES;
				CLANG_WARN_INT_CONVERSION = YES;
				CLANG_WARN_OBJC_ROOT_CLASS = YES_ERROR;
				CLANG_WARN_UNREACHABLE_CODE = YES;
				CLANG_WARN__DUPLICATE_METHOD_MATCH = YES;
				"CODE_SIGN_IDENTITY[sdk=iphoneos*]" = "iPhone Developer";
				COPY_PHASE_STRIP = NO;
				DEBUG_INFORMATION_FORMAT = "dwarf-with-dsym";
				ENABLE_STRICT_OBJC_MSGSEND = YES;
				GCC_C_LANGUAGE_STANDARD = gnu99;
				GCC_DYNAMIC_NO_PIC = NO;
				GCC_NO_COMMON_BLOCKS = YES;
				GCC_OPTIMIZATION_LEVEL = 0;
				GCC_PREPROCESSOR_DEFINITIONS = (
					"DEBUG=1",
					"$(inherited)",
				);
				GCC_SYMBOLS_PRIVATE_EXTERN = NO;
				GCC_WARN_64_TO_32_BIT_CONVERSION = YES;
				GCC_WARN_ABOUT_RETURN_TYPE = YES_ERROR;
				GCC_WARN_UNDECLARED_SELECTOR = YES;
				GCC_WARN_UNINITIALIZED_AUTOS = YES_AGGRESSIVE;
				GCC_WARN_UNUSED_FUNCTION = YES;
				GCC_WARN_UNUSED_VARIABLE = YES;
				IPHONEOS_DEPLOYMENT_TARGET = 8.4;
				MTL_ENABLE_DEBUG_INFO = YES;
				ONLY_ACTIVE_ARCH = YES;
				SDKROOT = iphoneos;
				TARGETED_DEVICE_FAMILY = "1,2";
			};
			name = Debug;
		};
		C07D333F1B798DA3002F723E /* Release */ = {
			isa = XCBuildConfiguration;
			buildSettings = {
				ALWAYS_SEARCH_USER_PATHS = NO;
				CLANG_CXX_LANGUAGE_STANDARD = "gnu++0x";
				CLANG_CXX_LIBRARY = "libc++";
				CLANG_ENABLE_MODULES = YES;
				CLANG_ENABLE_OBJC_ARC = YES;
				CLANG_WARN_BOOL_CONVERSION = YES;
				CLANG_WARN_CONSTANT_CONVERSION = YES;
				CLANG_WARN_DIRECT_OBJC_ISA_USAGE = YES_ERROR;
				CLANG_WARN_EMPTY_BODY = YES;
				CLANG_WARN_ENUM_CONVERSION = YES;
				CLANG_WARN_INT_CONVERSION = YES;
				CLANG_WARN_OBJC_ROOT_CLASS = YES_ERROR;
				CLANG_WARN_UNREACHABLE_CODE = YES;
				CLANG_WARN__DUPLICATE_METHOD_MATCH = YES;
				"CODE_SIGN_IDENTITY[sdk=iphoneos*]" = "iPhone Developer";
				COPY_PHASE_STRIP = NO;
				DEBUG_INFORMATION_FORMAT = "dwarf-with-dsym";
				ENABLE_NS_ASSERTIONS = NO;
				ENABLE_STRICT_OBJC_MSGSEND = YES;
				GCC_C_LANGUAGE_STANDARD = gnu99;
				GCC_NO_COMMON_BLOCKS = YES;
				GCC_WARN_64_TO_32_BIT_CONVERSION = YES;
				GCC_WARN_ABOUT_RETURN_TYPE = YES_ERROR;
				GCC_WARN_UNDECLARED_SELECTOR = YES;
				GCC_WARN_UNINITIALIZED_AUTOS = YES_AGGRESSIVE;
				GCC_WARN_UNUSED_FUNCTION = YES;
				GCC_WARN_UNUSED_VARIABLE = YES;
				IPHONEOS_DEPLOYMENT_TARGET = 8.4;
				MTL_ENABLE_DEBUG_INFO = NO;
				SDKROOT = iphoneos;
				TARGETED_DEVICE_FAMILY = "1,2";
				VALIDATE_PRODUCT = YES;
			};
			name = Release;
		};
		C07D33411B798DA3002F723E /* Debug */ = {
			isa = XCBuildConfiguration;
			buildSettings = {
				ASSETCATALOG_COMPILER_APPICON_NAME = AppIcon;
				CLANG_ENABLE_OBJC_ARC = NO;
				INFOPLIST_FILE = TableViewDemo/Info.plist;
				LD_RUNPATH_SEARCH_PATHS = "$(inherited) @executable_path/Frameworks";
				PRODUCT_NAME = "$(TARGET_NAME)";
			};
			name = Debug;
		};
		C07D33421B798DA3002F723E /* Release */ = {
			isa = XCBuildConfiguration;
			buildSettings = {
				ASSETCATALOG_COMPILER_APPICON_NAME = AppIcon;
				CLANG_ENABLE_OBJC_ARC = NO;
				INFOPLIST_FILE = TableViewDemo/Info.plist;
				LD_RUNPATH_SEARCH_PATHS = "$(inherited) @executable_path/Frameworks";
				PRODUCT_NAME = "$(TARGET_NAME)";
			};
			name = Release;
		};
		C07D33441B798DA3002F723E /* Debug */ = {
			isa = XCBuildConfiguration;
			buildSettings = {
				BUNDLE_LOADER = "$(TEST_HOST)";
				FRAMEWORK_SEARCH_PATHS = (
					"$(SDKROOT)/Developer/Library/Frameworks",
					"$(inherited)",
				);
				GCC_PREPROCESSOR_DEFINITIONS = (
					"DEBUG=1",
					"$(inherited)",
				);
				INFOPLIST_FILE = TableViewDemoTests/Info.plist;
				LD_RUNPATH_SEARCH_PATHS = "$(inherited) @executable_path/Frameworks @loader_path/Frameworks";
				PRODUCT_NAME = "$(TARGET_NAME)";
				TEST_HOST = "$(BUILT_PRODUCTS_DIR)/TableViewDemo.app/TableViewDemo";
			};
			name = Debug;
		};
		C07D33451B798DA3002F723E /* Release */ = {
			isa = XCBuildConfiguration;
			buildSettings = {
				BUNDLE_LOADER = "$(TEST_HOST)";
				FRAMEWORK_SEARCH_PATHS = (
					"$(SDKROOT)/Developer/Library/Frameworks",
					"$(inherited)",
				);
				INFOPLIST_FILE = TableViewDemoTests/Info.plist;
				LD_RUNPATH_SEARCH_PATHS = "$(inherited) @executable_path/Frameworks @loader_path/Frameworks";
				PRODUCT_NAME = "$(TARGET_NAME)";
				TEST_HOST = "$(BUILT_PRODUCTS_DIR)/TableViewDemo.app/TableViewDemo";
			};
			name = Release;
		};
/* End XCBuildConfiguration section */

/* Begin XCConfigurationList section */
		C07D33181B798DA3002F723E /* Build configuration list for PBXProject "TableViewDemo" */ = {
			isa = XCConfigurationList;
			buildConfigurations = (
				C07D333E1B798DA3002F723E /* Debug */,
				C07D333F1B798DA3002F723E /* Release */,
			);
			defaultConfigurationIsVisible = 0;
			defaultConfigurationName = Release;
		};
		C07D33401B798DA3002F723E /* Build configuration list for PBXNativeTarget "TableViewDemo" */ = {
			isa = XCConfigurationList;
			buildConfigurations = (
				C07D33411B798DA3002F723E /* Debug */,
				C07D33421B798DA3002F723E /* Release */,
			);
			defaultConfigurationIsVisible = 0;
		};
		C07D33431B798DA3002F723E /* Build configuration list for PBXNativeTarget "TableViewDemoTests" */ = {
			isa = XCConfigurationList;
			buildConfigurations = (
				C07D33441B798DA3002F723E /* Debug */,
				C07D33451B798DA3002F723E /* Release */,
			);
			defaultConfigurationIsVisible = 0;
		};
/* End XCConfigurationList section */
	};
	rootObject = C07D33151B798DA3002F723E /* Project object */;
}
