// !$*UTF8*$!
{
	archiveVersion = 1;
	classes = {
	};
	objectVersion = 46;
	objects = {

/* Begin PBXBuildFile section */
		C07D33F61B79E7E4002F723E /* main.m in Sources */ = {isa = PBXBuildFile; fileRef = C07D33F51B79E7E4002F723E /* main.m */; };
		C07D33F91B79E7E4002F723E /* AppDelegate.m in Sources */ = {isa = PBXBuildFile; fileRef = C07D33F81B79E7E4002F723E /* AppDelegate.m */; };
		C07D33FC1B79E7E4002F723E /* ViewController.m in Sources */ = {isa = PBXBuildFile; fileRef = C07D33FB1B79E7E4002F723E /* ViewController.m */; };
		C07D33FF1B79E7E4002F723E /* Main.storyboard in Resources */ = {isa = PBXBuildFile; fileRef = C07D33FD1B79E7E4002F723E /* Main.storyboard */; };
		C07D34011B79E7E4002F723E /* Images.xcassets in Resources */ = {isa = PBXBuildFile; fileRef = C07D34001B79E7E4002F723E /* Images.xcassets */; };
		C07D34041B79E7E4002F723E /* LaunchScreen.xib in Resources */ = {isa = PBXBuildFile; fileRef = C07D34021B79E7E4002F723E /* LaunchScreen.xib */; };
		C07D34101B79E7E4002F723E /* CustomCell3Tests.m in Sources */ = {isa = PBXBuildFile; fileRef = C07D340F1B79E7E4002F723E /* CustomCell3Tests.m */; };
		C07D341B1B79E8E6002F723E /* MyCell.m in Sources */ = {isa = PBXBuildFile; fileRef = C07D341A1B79E8E6002F723E /* MyCell.m */; };
		C07D341D1B79E93E002F723E /* MyCell.xib in Resources */ = {isa = PBXBuildFile; fileRef = C07D341C1B79E93E002F723E /* MyCell.xib */; };
		C07D341F1B79EE97002F723E /* ali.png in Resources */ = {isa = PBXBuildFile; fileRef = C07D341E1B79EE97002F723E /* ali.png */; };
/* End PBXBuildFile section */

/* Begin PBXContainerItemProxy section */
		C07D340A1B79E7E4002F723E /* PBXContainerItemProxy */ = {
			isa = PBXContainerItemProxy;
			containerPortal = C07D33E81B79E7E4002F723E /* Project object */;
			proxyType = 1;
			remoteGlobalIDString = C07D33EF1B79E7E4002F723E;
			remoteInfo = CustomCell3;
		};
/* End PBXContainerItemProxy section */

/* Begin PBXFileReference section */
		C07D33F01B79E7E4002F723E /* CustomCell3.app */ = {isa = PBXFileReference; explicitFileType = wrapper.application; includeInIndex = 0; path = CustomCell3.app; sourceTree = BUILT_PRODUCTS_DIR; };
		C07D33F41B79E7E4002F723E /* Info.plist */ = {isa = PBXFileReference; lastKnownFileType = text.plist.xml; path = Info.plist; sourceTree = "<group>"; };
		C07D33F51B79E7E4002F723E /* main.m */ = {isa = PBXFileReference; lastKnownFileType = sourcecode.c.objc; path = main.m; sourceTree = "<group>"; };
		C07D33F71B79E7E4002F723E /* AppDelegate.h */ = {isa = PBXFileReference; lastKnownFileType = sourcecode.c.h; path = AppDelegate.h; sourceTree = "<group>"; };
		C07D33F81B79E7E4002F723E /* AppDelegate.m */ = {isa = PBXFileReference; lastKnownFileType = sourcecode.c.objc; path = AppDelegate.m; sourceTree = "<group>"; };
		C07D33FA1B79E7E4002F723E /* ViewController.h */ = {isa = PBXFileReference; lastKnownFileType = sourcecode.c.h; path = ViewController.h; sourceTree = "<group>"; };
		C07D33FB1B79E7E4002F723E /* ViewController.m */ = {isa = PBXFileReference; lastKnownFileType = sourcecode.c.objc; path = ViewController.m; sourceTree = "<group>"; };
		C07D33FE1B79E7E4002F723E /* Base */ = {isa = PBXFileReference; lastKnownFileType = file.storyboard; name = Base; path = Base.lproj/Main.storyboard; sourceTree = "<group>"; };
		C07D34001B79E7E4002F723E /* Images.xcassets */ = {isa = PBXFileReference; lastKnownFileType = folder.assetcatalog; path = Images.xcassets; sourceTree = "<group>"; };
		C07D34031B79E7E4002F723E /* Base */ = {isa = PBXFileReference; lastKnownFileType = file.xib; name = Base; path = Base.lproj/LaunchScreen.xib; sourceTree = "<group>"; };
		C07D34091B79E7E4002F723E /* CustomCell3Tests.xctest */ = {isa = PBXFileReference; explicitFileType = wrapper.cfbundle; includeInIndex = 0; path = CustomCell3Tests.xctest; sourceTree = BUILT_PRODUCTS_DIR; };
		C07D340E1B79E7E4002F723E /* Info.plist */ = {isa = PBXFileReference; lastKnownFileType = text.plist.xml; path = Info.plist; sourceTree = "<group>"; };
		C07D340F1B79E7E4002F723E /* CustomCell3Tests.m */ = {isa = PBXFileReference; lastKnownFileType = sourcecode.c.objc; path = CustomCell3Tests.m; sourceTree = "<group>"; };
		C07D34191B79E8E6002F723E /* MyCell.h */ = {isa = PBXFileReference; fileEncoding = 4; lastKnownFileType = sourcecode.c.h; path = MyCell.h; sourceTree = "<group>"; };
		C07D341A1B79E8E6002F723E /* MyCell.m */ = {isa = PBXFileReference; fileEncoding = 4; lastKnownFileType = sourcecode.c.objc; path = MyCell.m; sourceTree = "<group>"; };
		C07D341C1B79E93E002F723E /* MyCell.xib */ = {isa = PBXFileReference; fileEncoding = 4; lastKnownFileType = file.xib; path = MyCell.xib; sourceTree = "<group>"; };
		C07D341E1B79EE97002F723E /* ali.png */ = {isa = PBXFileReference; lastKnownFileType = image.png; path = ali.png; sourceTree = "<group>"; };
/* End PBXFileReference section */

/* Begin PBXFrameworksBuildPhase section */
		C07D33ED1B79E7E4002F723E /* Frameworks */ = {
			isa = PBXFrameworksBuildPhase;
			buildActionMask = 2147483647;
			files = (
			);
			runOnlyForDeploymentPostprocessing = 0;
		};
		C07D34061B79E7E4002F723E /* Frameworks */ = {
			isa = PBXFrameworksBuildPhase;
			buildActionMask = 2147483647;
			files = (
			);
			runOnlyForDeploymentPostprocessing = 0;
		};
/* End PBXFrameworksBuildPhase section */

/* Begin PBXGroup section */
		C07D33E71B79E7E4002F723E = {
			isa = PBXGroup;
			children = (
				C07D33F21B79E7E4002F723E /* CustomCell3 */,
				C07D340C1B79E7E4002F723E /* CustomCell3Tests */,
				C07D33F11B79E7E4002F723E /* Products */,
			);
			sourceTree = "<group>";
		};
		C07D33F11B79E7E4002F723E /* Products */ = {
			isa = PBXGroup;
			children = (
				C07D33F01B79E7E4002F723E /* CustomCell3.app */,
				C07D34091B79E7E4002F723E /* CustomCell3Tests.xctest */,
			);
			name = Products;
			sourceTree = "<group>";
		};
		C07D33F21B79E7E4002F723E /* CustomCell3 */ = {
			isa = PBXGroup;
			children = (
				C07D341E1B79EE97002F723E /* ali.png */,
				C07D33F71B79E7E4002F723E /* AppDelegate.h */,
				C07D33F81B79E7E4002F723E /* AppDelegate.m */,
				C07D33FA1B79E7E4002F723E /* ViewController.h */,
				C07D33FB1B79E7E4002F723E /* ViewController.m */,
				C07D33FD1B79E7E4002F723E /* Main.storyboard */,
				C07D34001B79E7E4002F723E /* Images.xcassets */,
				C07D34021B79E7E4002F723E /* LaunchScreen.xib */,
				C07D33F31B79E7E4002F723E /* Supporting Files */,
				C07D34191B79E8E6002F723E /* MyCell.h */,
				C07D341A1B79E8E6002F723E /* MyCell.m */,
				C07D341C1B79E93E002F723E /* MyCell.xib */,
			);
			path = CustomCell3;
			sourceTree = "<group>";
		};
		C07D33F31B79E7E4002F723E /* Supporting Files */ = {
			isa = PBXGroup;
			children = (
				C07D33F41B79E7E4002F723E /* Info.plist */,
				C07D33F51B79E7E4002F723E /* main.m */,
			);
			name = "Supporting Files";
			sourceTree = "<group>";
		};
		C07D340C1B79E7E4002F723E /* CustomCell3Tests */ = {
			isa = PBXGroup;
			children = (
				C07D340F1B79E7E4002F723E /* CustomCell3Tests.m */,
				C07D340D1B79E7E4002F723E /* Supporting Files */,
			);
			path = CustomCell3Tests;
			sourceTree = "<group>";
		};
		C07D340D1B79E7E4002F723E /* Supporting Files */ = {
			isa = PBXGroup;
			children = (
				C07D340E1B79E7E4002F723E /* Info.plist */,
			);
			name = "Supporting Files";
			sourceTree = "<group>";
		};
/* End PBXGroup section */

/* Begin PBXNativeTarget section */
		C07D33EF1B79E7E4002F723E /* CustomCell3 */ = {
			isa = PBXNativeTarget;
			buildConfigurationList = C07D34131B79E7E4002F723E /* Build configuration list for PBXNativeTarget "CustomCell3" */;
			buildPhases = (
				C07D33EC1B79E7E4002F723E /* Sources */,
				C07D33ED1B79E7E4002F723E /* Frameworks */,
				C07D33EE1B79E7E4002F723E /* Resources */,
			);
			buildRules = (
			);
			dependencies = (
			);
			name = CustomCell3;
			productName = CustomCell3;
			productReference = C07D33F01B79E7E4002F723E /* CustomCell3.app */;
			productType = "com.apple.product-type.application";
		};
		C07D34081B79E7E4002F723E /* CustomCell3Tests */ = {
			isa = PBXNativeTarget;
			buildConfigurationList = C07D34161B79E7E4002F723E /* Build configuration list for PBXNativeTarget "CustomCell3Tests" */;
			buildPhases = (
				C07D34051B79E7E4002F723E /* Sources */,
				C07D34061B79E7E4002F723E /* Frameworks */,
				C07D34071B79E7E4002F723E /* Resources */,
			);
			buildRules = (
			);
			dependencies = (
				C07D340B1B79E7E4002F723E /* PBXTargetDependency */,
			);
			name = CustomCell3Tests;
			productName = CustomCell3Tests;
			productReference = C07D34091B79E7E4002F723E /* CustomCell3Tests.xctest */;
			productType = "com.apple.product-type.bundle.unit-test";
		};
/* End PBXNativeTarget section */

/* Begin PBXProject section */
		C07D33E81B79E7E4002F723E /* Project object */ = {
			isa = PBXProject;
			attributes = {
				LastUpgradeCheck = 0640;
				ORGANIZATIONNAME = sunhuayu;
				TargetAttributes = {
					C07D33EF1B79E7E4002F723E = {
						CreatedOnToolsVersion = 6.4;
					};
					C07D34081B79E7E4002F723E = {
						CreatedOnToolsVersion = 6.4;
						TestTargetID = C07D33EF1B79E7E4002F723E;
					};
				};
			};
			buildConfigurationList = C07D33EB1B79E7E4002F723E /* Build configuration list for PBXProject "CustomCell3" */;
			compatibilityVersion = "Xcode 3.2";
			developmentRegion = English;
			hasScannedForEncodings = 0;
			knownRegions = (
				en,
				Base,
			);
			mainGroup = C07D33E71B79E7E4002F723E;
			productRefGroup = C07D33F11B79E7E4002F723E /* Products */;
			projectDirPath = "";
			projectRoot = "";
			targets = (
				C07D33EF1B79E7E4002F723E /* CustomCell3 */,
				C07D34081B79E7E4002F723E /* CustomCell3Tests */,
			);
		};
/* End PBXProject section */

/* Begin PBXResourcesBuildPhase section */
		C07D33EE1B79E7E4002F723E /* Resources */ = {
			isa = PBXResourcesBuildPhase;
			buildActionMask = 2147483647;
			files = (
				C07D33FF1B79E7E4002F723E /* Main.storyboard in Resources */,
				C07D341D1B79E93E002F723E /* MyCell.xib in Resources */,
				C07D341F1B79EE97002F723E /* ali.png in Resources */,
				C07D34041B79E7E4002F723E /* LaunchScreen.xib in Resources */,
				C07D34011B79E7E4002F723E /* Images.xcassets in Resources */,
			);
			runOnlyForDeploymentPostprocessing = 0;
		};
		C07D34071B79E7E4002F723E /* Resources */ = {
			isa = PBXResourcesBuildPhase;
			buildActionMask = 2147483647;
			files = (
			);
			runOnlyForDeploymentPostprocessing = 0;
		};
/* End PBXResourcesBuildPhase section */

/* Begin PBXSourcesBuildPhase section */
		C07D33EC1B79E7E4002F723E /* Sources */ = {
			isa = PBXSourcesBuildPhase;
			buildActionMask = 2147483647;
			files = (
				C07D33FC1B79E7E4002F723E /* ViewController.m in Sources */,
				C07D341B1B79E8E6002F723E /* MyCell.m in Sources */,
				C07D33F91B79E7E4002F723E /* AppDelegate.m in Sources */,
				C07D33F61B79E7E4002F723E /* main.m in Sources */,
			);
			runOnlyForDeploymentPostprocessing = 0;
		};
		C07D34051B79E7E4002F723E /* Sources */ = {
			isa = PBXSourcesBuildPhase;
			buildActionMask = 2147483647;
			files = (
				C07D34101B79E7E4002F723E /* CustomCell3Tests.m in Sources */,
			);
			runOnlyForDeploymentPostprocessing = 0;
		};
/* End PBXSourcesBuildPhase section */

/* Begin PBXTargetDependency section */
		C07D340B1B79E7E4002F723E /* PBXTargetDependency */ = {
			isa = PBXTargetDependency;
			target = C07D33EF1B79E7E4002F723E /* CustomCell3 */;
			targetProxy = C07D340A1B79E7E4002F723E /* PBXContainerItemProxy */;
		};
/* End PBXTargetDependency section */

/* Begin PBXVariantGroup section */
		C07D33FD1B79E7E4002F723E /* Main.storyboard */ = {
			isa = PBXVariantGroup;
			children = (
				C07D33FE1B79E7E4002F723E /* Base */,
			);
			name = Main.storyboard;
			sourceTree = "<group>";
		};
		C07D34021B79E7E4002F723E /* LaunchScreen.xib */ = {
			isa = PBXVariantGroup;
			children = (
				C07D34031B79E7E4002F723E /* Base */,
			);
			name = LaunchScreen.xib;
			sourceTree = "<group>";
		};
/* End PBXVariantGroup section */

/* Begin XCBuildConfiguration section */
		C07D34111B79E7E4002F723E /* Debug */ = {
			isa = XCBuildConfiguration;
			buildSettings = {
				ALWAYS_SEARCH_USER_PATHS = NO;
				CLANG_CXX_LANGUAGE_STANDARD = "gnu++0x";
				CLANG_CXX_LIBRARY = "libc++";
				CLANG_ENABLE_MODULES = YES;
				CLANG_ENABLE_OBJC_ARC = YES;
				CLANG_WARN_BOOL_CONVERSION = YES;
				CLANG_WARN_CONSTANT_CONVERSION = YES;
				CLANG_WARN_DIRECT_OBJC_ISA_USAGE = YES_ERROR;
				CLANG_WARN_EMPTY_BODY = YES;
				CLANG_WARN_ENUM_CONVERSION = YES;
				CLANG_WARN_INT_CONVERSION = YES;
				CLANG_WARN_OBJC_ROOT_CLASS = YES_ERROR;
				CLANG_WARN_UNREACHABLE_CODE = YES;
				CLANG_WARN__DUPLICATE_METHOD_MATCH = YES;
				"CODE_SIGN_IDENTITY[sdk=iphoneos*]" = "iPhone Developer";
				COPY_PHASE_STRIP = NO;
				DEBUG_INFORMATION_FORMAT = "dwarf-with-dsym";
				ENABLE_STRICT_OBJC_MSGSEND = YES;
				GCC_C_LANGUAGE_STANDARD = gnu99;
				GCC_DYNAMIC_NO_PIC = NO;
				GCC_NO_COMMON_BLOCKS = YES;
				GCC_OPTIMIZATION_LEVEL = 0;
				GCC_PREPROCESSOR_DEFINITIONS = (
					"DEBUG=1",
					"$(inherited)",
				);
				GCC_SYMBOLS_PRIVATE_EXTERN = NO;
				GCC_WARN_64_TO_32_BIT_CONVERSION = YES;
				GCC_WARN_ABOUT_RETURN_TYPE = YES_ERROR;
				GCC_WARN_UNDECLARED_SELECTOR = YES;
				GCC_WARN_UNINITIALIZED_AUTOS = YES_AGGRESSIVE;
				GCC_WARN_UNUSED_FUNCTION = YES;
				GCC_WARN_UNUSED_VARIABLE = YES;
				IPHONEOS_DEPLOYMENT_TARGET = 8.4;
				MTL_ENABLE_DEBUG_INFO = YES;
				ONLY_ACTIVE_ARCH = YES;
				SDKROOT = iphoneos;
				TARGETED_DEVICE_FAMILY = "1,2";
			};
			name = Debug;
		};
		C07D34121B79E7E4002F723E /* Release */ = {
			isa = XCBuildConfiguration;
			buildSettings = {
				ALWAYS_SEARCH_USER_PATHS = NO;
				CLANG_CXX_LANGUAGE_STANDARD = "gnu++0x";
				CLANG_CXX_LIBRARY = "libc++";
				CLANG_ENABLE_MODULES = YES;
				CLANG_ENABLE_OBJC_ARC = YES;
				CLANG_WARN_BOOL_CONVERSION = YES;
				CLANG_WARN_CONSTANT_CONVERSION = YES;
				CLANG_WARN_DIRECT_OBJC_ISA_USAGE = YES_ERROR;
				CLANG_WARN_EMPTY_BODY = YES;
				CLANG_WARN_ENUM_CONVERSION = YES;
				CLANG_WARN_INT_CONVERSION = YES;
				CLANG_WARN_OBJC_ROOT_CLASS = YES_ERROR;
				CLANG_WARN_UNREACHABLE_CODE = YES;
				CLANG_WARN__DUPLICATE_METHOD_MATCH = YES;
				"CODE_SIGN_IDENTITY[sdk=iphoneos*]" = "iPhone Developer";
				COPY_PHASE_STRIP = NO;
				DEBUG_INFORMATION_FORMAT = "dwarf-with-dsym";
				ENABLE_NS_ASSERTIONS = NO;
				ENABLE_STRICT_OBJC_MSGSEND = YES;
				GCC_C_LANGUAGE_STANDARD = gnu99;
				GCC_NO_COMMON_BLOCKS = YES;
				GCC_WARN_64_TO_32_BIT_CONVERSION = YES;
				GCC_WARN_ABOUT_RETURN_TYPE = YES_ERROR;
				GCC_WARN_UNDECLARED_SELECTOR = YES;
				GCC_WARN_UNINITIALIZED_AUTOS = YES_AGGRESSIVE;
				GCC_WARN_UNUSED_FUNCTION = YES;
				GCC_WARN_UNUSED_VARIABLE = YES;
				IPHONEOS_DEPLOYMENT_TARGET = 8.4;
				MTL_ENABLE_DEBUG_INFO = NO;
				SDKROOT = iphoneos;
				TARGETED_DEVICE_FAMILY = "1,2";
				VALIDATE_PRODUCT = YES;
			};
			name = Release;
		};
		C07D34141B79E7E4002F723E /* Debug */ = {
			isa = XCBuildConfiguration;
			buildSettings = {
				ASSETCATALOG_COMPILER_APPICON_NAME = AppIcon;
				CLANG_ENABLE_OBJC_ARC = NO;
				INFOPLIST_FILE = CustomCell3/Info.plist;
				LD_RUNPATH_SEARCH_PATHS = "$(inherited) @executable_path/Frameworks";
				PRODUCT_NAME = "$(TARGET_NAME)";
			};
			name = Debug;
		};
		C07D34151B79E7E4002F723E /* Release */ = {
			isa = XCBuildConfiguration;
			buildSettings = {
				ASSETCATALOG_COMPILER_APPICON_NAME = AppIcon;
				CLANG_ENABLE_OBJC_ARC = NO;
				INFOPLIST_FILE = CustomCell3/Info.plist;
				LD_RUNPATH_SEARCH_PATHS = "$(inherited) @executable_path/Frameworks";
				PRODUCT_NAME = "$(TARGET_NAME)";
			};
			name = Release;
		};
		C07D34171B79E7E4002F723E /* Debug */ = {
			isa = XCBuildConfiguration;
			buildSettings = {
				BUNDLE_LOADER = "$(TEST_HOST)";
				FRAMEWORK_SEARCH_PATHS = (
					"$(SDKROOT)/Developer/Library/Frameworks",
					"$(inherited)",
				);
				GCC_PREPROCESSOR_DEFINITIONS = (
					"DEBUG=1",
					"$(inherited)",
				);
				INFOPLIST_FILE = CustomCell3Tests/Info.plist;
				LD_RUNPATH_SEARCH_PATHS = "$(inherited) @executable_path/Frameworks @loader_path/Frameworks";
				PRODUCT_NAME = "$(TARGET_NAME)";
				TEST_HOST = "$(BUILT_PRODUCTS_DIR)/CustomCell3.app/CustomCell3";
			};
			name = Debug;
		};
		C07D34181B79E7E4002F723E /* Release */ = {
			isa = XCBuildConfiguration;
			buildSettings = {
				BUNDLE_LOADER = "$(TEST_HOST)";
				FRAMEWORK_SEARCH_PATHS = (
					"$(SDKROOT)/Developer/Library/Frameworks",
					"$(inherited)",
				);
				INFOPLIST_FILE = CustomCell3Tests/Info.plist;
				LD_RUNPATH_SEARCH_PATHS = "$(inherited) @executable_path/Frameworks @loader_path/Frameworks";
				PRODUCT_NAME = "$(TARGET_NAME)";
				TEST_HOST = "$(BUILT_PRODUCTS_DIR)/CustomCell3.app/CustomCell3";
			};
			name = Release;
		};
/* End XCBuildConfiguration section */

/* Begin XCConfigurationList section */
		C07D33EB1B79E7E4002F723E /* Build configuration list for PBXProject "CustomCell3" */ = {
			isa = XCConfigurationList;
			buildConfigurations = (
				C07D34111B79E7E4002F723E /* Debug */,
				C07D34121B79E7E4002F723E /* Release */,
			);
			defaultConfigurationIsVisible = 0;
			defaultConfigurationName = Release;
		};
		C07D34131B79E7E4002F723E /* Build configuration list for PBXNativeTarget "CustomCell3" */ = {
			isa = XCConfigurationList;
			buildConfigurations = (
				C07D34141B79E7E4002F723E /* Debug */,
				C07D34151B79E7E4002F723E /* Release */,
			);
			defaultConfigurationIsVisible = 0;
		};
		C07D34161B79E7E4002F723E /* Build configuration list for PBXNativeTarget "CustomCell3Tests" */ = {
			isa = XCConfigurationList;
			buildConfigurations = (
				C07D34171B79E7E4002F723E /* Debug */,
				C07D34181B79E7E4002F723E /* Release */,
			);
			defaultConfigurationIsVisible = 0;
		};
/* End XCConfigurationList section */
	};
	rootObject = C07D33E81B79E7E4002F723E /* Project object */;
}
