// !$*UTF8*$!
{
	archiveVersion = 1;
	classes = {
	};
	objectVersion = 46;
	objects = {

/* Begin PBXBuildFile section */
		1E77BDF51B5CCB15003BED55 /* main.m in Sources */ = {isa = PBXBuildFile; fileRef = 1E77BDF41B5CCB15003BED55 /* main.m */; };
		1E77BDF81B5CCB15003BED55 /* AppDelegate.m in Sources */ = {isa = PBXBuildFile; fileRef = 1E77BDF71B5CCB15003BED55 /* AppDelegate.m */; };
		1E77BE001B5CCB15003BED55 /* Images.xcassets in Resources */ = {isa = PBXBuildFile; fileRef = 1E77BDFF1B5CCB15003BED55 /* Images.xcassets */; };
		1E77BE031B5CCB15003BED55 /* LaunchScreen.xib in Resources */ = {isa = PBXBuildFile; fileRef = 1E77BE011B5CCB15003BED55 /* LaunchScreen.xib */; };
		1E77BE0F1B5CCB15003BED55 /* XIBLoginRegistTests.m in Sources */ = {isa = PBXBuildFile; fileRef = 1E77BE0E1B5CCB15003BED55 /* XIBLoginRegistTests.m */; };
		1E77BE191B5CCB3D003BED55 /* Window.xib in Resources */ = {isa = PBXBuildFile; fileRef = 1E77BE181B5CCB3D003BED55 /* Window.xib */; };
		1E77BE1D1B5CCDBD003BED55 /* login.png in Resources */ = {isa = PBXBuildFile; fileRef = 1E77BE1A1B5CCDBD003BED55 /* login.png */; };
		1E77BE1E1B5CCDBD003BED55 /* loginbg.jpg in Resources */ = {isa = PBXBuildFile; fileRef = 1E77BE1B1B5CCDBD003BED55 /* loginbg.jpg */; };
		1E77BE1F1B5CCDBD003BED55 /* register.png in Resources */ = {isa = PBXBuildFile; fileRef = 1E77BE1C1B5CCDBD003BED55 /* register.png */; };
/* End PBXBuildFile section */

/* Begin PBXContainerItemProxy section */
		1E77BE091B5CCB15003BED55 /* PBXContainerItemProxy */ = {
			isa = PBXContainerItemProxy;
			containerPortal = 1E77BDE71B5CCB15003BED55 /* Project object */;
			proxyType = 1;
			remoteGlobalIDString = 1E77BDEE1B5CCB15003BED55;
			remoteInfo = XIBLoginRegist;
		};
/* End PBXContainerItemProxy section */

/* Begin PBXFileReference section */
		1E77BDEF1B5CCB15003BED55 /* XIBLoginRegist.app */ = {isa = PBXFileReference; explicitFileType = wrapper.application; includeInIndex = 0; path = XIBLoginRegist.app; sourceTree = BUILT_PRODUCTS_DIR; };
		1E77BDF31B5CCB15003BED55 /* Info.plist */ = {isa = PBXFileReference; lastKnownFileType = text.plist.xml; path = Info.plist; sourceTree = "<group>"; };
		1E77BDF41B5CCB15003BED55 /* main.m */ = {isa = PBXFileReference; lastKnownFileType = sourcecode.c.objc; path = main.m; sourceTree = "<group>"; };
		1E77BDF61B5CCB15003BED55 /* AppDelegate.h */ = {isa = PBXFileReference; lastKnownFileType = sourcecode.c.h; path = AppDelegate.h; sourceTree = "<group>"; };
		1E77BDF71B5CCB15003BED55 /* AppDelegate.m */ = {isa = PBXFileReference; lastKnownFileType = sourcecode.c.objc; path = AppDelegate.m; sourceTree = "<group>"; };
		1E77BDFF1B5CCB15003BED55 /* Images.xcassets */ = {isa = PBXFileReference; lastKnownFileType = folder.assetcatalog; path = Images.xcassets; sourceTree = "<group>"; };
		1E77BE021B5CCB15003BED55 /* Base */ = {isa = PBXFileReference; lastKnownFileType = file.xib; name = Base; path = Base.lproj/LaunchScreen.xib; sourceTree = "<group>"; };
		1E77BE081B5CCB15003BED55 /* XIBLoginRegistTests.xctest */ = {isa = PBXFileReference; explicitFileType = wrapper.cfbundle; includeInIndex = 0; path = XIBLoginRegistTests.xctest; sourceTree = BUILT_PRODUCTS_DIR; };
		1E77BE0D1B5CCB15003BED55 /* Info.plist */ = {isa = PBXFileReference; lastKnownFileType = text.plist.xml; path = Info.plist; sourceTree = "<group>"; };
		1E77BE0E1B5CCB15003BED55 /* XIBLoginRegistTests.m */ = {isa = PBXFileReference; lastKnownFileType = sourcecode.c.objc; path = XIBLoginRegistTests.m; sourceTree = "<group>"; };
		1E77BE181B5CCB3D003BED55 /* Window.xib */ = {isa = PBXFileReference; fileEncoding = 4; lastKnownFileType = file.xib; path = Window.xib; sourceTree = "<group>"; };
		1E77BE1A1B5CCDBD003BED55 /* login.png */ = {isa = PBXFileReference; lastKnownFileType = image.png; path = login.png; sourceTree = "<group>"; };
		1E77BE1B1B5CCDBD003BED55 /* loginbg.jpg */ = {isa = PBXFileReference; lastKnownFileType = image.jpeg; path = loginbg.jpg; sourceTree = "<group>"; };
		1E77BE1C1B5CCDBD003BED55 /* register.png */ = {isa = PBXFileReference; lastKnownFileType = image.png; path = register.png; sourceTree = "<group>"; };
/* End PBXFileReference section */

/* Begin PBXFrameworksBuildPhase section */
		1E77BDEC1B5CCB15003BED55 /* Frameworks */ = {
			isa = PBXFrameworksBuildPhase;
			buildActionMask = 2147483647;
			files = (
			);
			runOnlyForDeploymentPostprocessing = 0;
		};
		1E77BE051B5CCB15003BED55 /* Frameworks */ = {
			isa = PBXFrameworksBuildPhase;
			buildActionMask = 2147483647;
			files = (
			);
			runOnlyForDeploymentPostprocessing = 0;
		};
/* End PBXFrameworksBuildPhase section */

/* Begin PBXGroup section */
		1E77BDE61B5CCB15003BED55 = {
			isa = PBXGroup;
			children = (
				1E77BDF11B5CCB15003BED55 /* XIBLoginRegist */,
				1E77BE0B1B5CCB15003BED55 /* XIBLoginRegistTests */,
				1E77BDF01B5CCB15003BED55 /* Products */,
			);
			sourceTree = "<group>";
		};
		1E77BDF01B5CCB15003BED55 /* Products */ = {
			isa = PBXGroup;
			children = (
				1E77BDEF1B5CCB15003BED55 /* XIBLoginRegist.app */,
				1E77BE081B5CCB15003BED55 /* XIBLoginRegistTests.xctest */,
			);
			name = Products;
			sourceTree = "<group>";
		};
		1E77BDF11B5CCB15003BED55 /* XIBLoginRegist */ = {
			isa = PBXGroup;
			children = (
				1E77BE1A1B5CCDBD003BED55 /* login.png */,
				1E77BE1B1B5CCDBD003BED55 /* loginbg.jpg */,
				1E77BE1C1B5CCDBD003BED55 /* register.png */,
				1E77BDF61B5CCB15003BED55 /* AppDelegate.h */,
				1E77BDF71B5CCB15003BED55 /* AppDelegate.m */,
				1E77BDFF1B5CCB15003BED55 /* Images.xcassets */,
				1E77BE011B5CCB15003BED55 /* LaunchScreen.xib */,
				1E77BE181B5CCB3D003BED55 /* Window.xib */,
				1E77BDF21B5CCB15003BED55 /* Supporting Files */,
			);
			path = XIBLoginRegist;
			sourceTree = "<group>";
		};
		1E77BDF21B5CCB15003BED55 /* Supporting Files */ = {
			isa = PBXGroup;
			children = (
				1E77BDF31B5CCB15003BED55 /* Info.plist */,
				1E77BDF41B5CCB15003BED55 /* main.m */,
			);
			name = "Supporting Files";
			sourceTree = "<group>";
		};
		1E77BE0B1B5CCB15003BED55 /* XIBLoginRegistTests */ = {
			isa = PBXGroup;
			children = (
				1E77BE0E1B5CCB15003BED55 /* XIBLoginRegistTests.m */,
				1E77BE0C1B5CCB15003BED55 /* Supporting Files */,
			);
			path = XIBLoginRegistTests;
			sourceTree = "<group>";
		};
		1E77BE0C1B5CCB15003BED55 /* Supporting Files */ = {
			isa = PBXGroup;
			children = (
				1E77BE0D1B5CCB15003BED55 /* Info.plist */,
			);
			name = "Supporting Files";
			sourceTree = "<group>";
		};
/* End PBXGroup section */

/* Begin PBXNativeTarget section */
		1E77BDEE1B5CCB15003BED55 /* XIBLoginRegist */ = {
			isa = PBXNativeTarget;
			buildConfigurationList = 1E77BE121B5CCB15003BED55 /* Build configuration list for PBXNativeTarget "XIBLoginRegist" */;
			buildPhases = (
				1E77BDEB1B5CCB15003BED55 /* Sources */,
				1E77BDEC1B5CCB15003BED55 /* Frameworks */,
				1E77BDED1B5CCB15003BED55 /* Resources */,
			);
			buildRules = (
			);
			dependencies = (
			);
			name = XIBLoginRegist;
			productName = XIBLoginRegist;
			productReference = 1E77BDEF1B5CCB15003BED55 /* XIBLoginRegist.app */;
			productType = "com.apple.product-type.application";
		};
		1E77BE071B5CCB15003BED55 /* XIBLoginRegistTests */ = {
			isa = PBXNativeTarget;
			buildConfigurationList = 1E77BE151B5CCB15003BED55 /* Build configuration list for PBXNativeTarget "XIBLoginRegistTests" */;
			buildPhases = (
				1E77BE041B5CCB15003BED55 /* Sources */,
				1E77BE051B5CCB15003BED55 /* Frameworks */,
				1E77BE061B5CCB15003BED55 /* Resources */,
			);
			buildRules = (
			);
			dependencies = (
				1E77BE0A1B5CCB15003BED55 /* PBXTargetDependency */,
			);
			name = XIBLoginRegistTests;
			productName = XIBLoginRegistTests;
			productReference = 1E77BE081B5CCB15003BED55 /* XIBLoginRegistTests.xctest */;
			productType = "com.apple.product-type.bundle.unit-test";
		};
/* End PBXNativeTarget section */

/* Begin PBXProject section */
		1E77BDE71B5CCB15003BED55 /* Project object */ = {
			isa = PBXProject;
			attributes = {
				LastUpgradeCheck = 0610;
				ORGANIZATIONNAME = "孙 化育";
				TargetAttributes = {
					1E77BDEE1B5CCB15003BED55 = {
						CreatedOnToolsVersion = 6.1.1;
					};
					1E77BE071B5CCB15003BED55 = {
						CreatedOnToolsVersion = 6.1.1;
						TestTargetID = 1E77BDEE1B5CCB15003BED55;
					};
				};
			};
			buildConfigurationList = 1E77BDEA1B5CCB15003BED55 /* Build configuration list for PBXProject "XIBLoginRegist" */;
			compatibilityVersion = "Xcode 3.2";
			developmentRegion = English;
			hasScannedForEncodings = 0;
			knownRegions = (
				en,
				Base,
			);
			mainGroup = 1E77BDE61B5CCB15003BED55;
			productRefGroup = 1E77BDF01B5CCB15003BED55 /* Products */;
			projectDirPath = "";
			projectRoot = "";
			targets = (
				1E77BDEE1B5CCB15003BED55 /* XIBLoginRegist */,
				1E77BE071B5CCB15003BED55 /* XIBLoginRegistTests */,
			);
		};
/* End PBXProject section */

/* Begin PBXResourcesBuildPhase section */
		1E77BDED1B5CCB15003BED55 /* Resources */ = {
			isa = PBXResourcesBuildPhase;
			buildActionMask = 2147483647;
			files = (
				1E77BE031B5CCB15003BED55 /* LaunchScreen.xib in Resources */,
				1E77BE1D1B5CCDBD003BED55 /* login.png in Resources */,
				1E77BE1E1B5CCDBD003BED55 /* loginbg.jpg in Resources */,
				1E77BE001B5CCB15003BED55 /* Images.xcassets in Resources */,
				1E77BE1F1B5CCDBD003BED55 /* register.png in Resources */,
				1E77BE191B5CCB3D003BED55 /* Window.xib in Resources */,
			);
			runOnlyForDeploymentPostprocessing = 0;
		};
		1E77BE061B5CCB15003BED55 /* Resources */ = {
			isa = PBXResourcesBuildPhase;
			buildActionMask = 2147483647;
			files = (
			);
			runOnlyForDeploymentPostprocessing = 0;
		};
/* End PBXResourcesBuildPhase section */

/* Begin PBXSourcesBuildPhase section */
		1E77BDEB1B5CCB15003BED55 /* Sources */ = {
			isa = PBXSourcesBuildPhase;
			buildActionMask = 2147483647;
			files = (
				1E77BDF81B5CCB15003BED55 /* AppDelegate.m in Sources */,
				1E77BDF51B5CCB15003BED55 /* main.m in Sources */,
			);
			runOnlyForDeploymentPostprocessing = 0;
		};
		1E77BE041B5CCB15003BED55 /* Sources */ = {
			isa = PBXSourcesBuildPhase;
			buildActionMask = 2147483647;
			files = (
				1E77BE0F1B5CCB15003BED55 /* XIBLoginRegistTests.m in Sources */,
			);
			runOnlyForDeploymentPostprocessing = 0;
		};
/* End PBXSourcesBuildPhase section */

/* Begin PBXTargetDependency section */
		1E77BE0A1B5CCB15003BED55 /* PBXTargetDependency */ = {
			isa = PBXTargetDependency;
			target = 1E77BDEE1B5CCB15003BED55 /* XIBLoginRegist */;
			targetProxy = 1E77BE091B5CCB15003BED55 /* PBXContainerItemProxy */;
		};
/* End PBXTargetDependency section */

/* Begin PBXVariantGroup section */
		1E77BE011B5CCB15003BED55 /* LaunchScreen.xib */ = {
			isa = PBXVariantGroup;
			children = (
				1E77BE021B5CCB15003BED55 /* Base */,
			);
			name = LaunchScreen.xib;
			sourceTree = "<group>";
		};
/* End PBXVariantGroup section */

/* Begin XCBuildConfiguration section */
		1E77BE101B5CCB15003BED55 /* Debug */ = {
			isa = XCBuildConfiguration;
			buildSettings = {
				ALWAYS_SEARCH_USER_PATHS = NO;
				CLANG_CXX_LANGUAGE_STANDARD = "gnu++0x";
				CLANG_CXX_LIBRARY = "libc++";
				CLANG_ENABLE_MODULES = YES;
				CLANG_ENABLE_OBJC_ARC = YES;
				CLANG_WARN_BOOL_CONVERSION = YES;
				CLANG_WARN_CONSTANT_CONVERSION = YES;
				CLANG_WARN_DIRECT_OBJC_ISA_USAGE = YES_ERROR;
				CLANG_WARN_EMPTY_BODY = YES;
				CLANG_WARN_ENUM_CONVERSION = YES;
				CLANG_WARN_INT_CONVERSION = YES;
				CLANG_WARN_OBJC_ROOT_CLASS = YES_ERROR;
				CLANG_WARN_UNREACHABLE_CODE = YES;
				CLANG_WARN__DUPLICATE_METHOD_MATCH = YES;
				"CODE_SIGN_IDENTITY[sdk=iphoneos*]" = "iPhone Developer";
				COPY_PHASE_STRIP = NO;
				ENABLE_STRICT_OBJC_MSGSEND = YES;
				GCC_C_LANGUAGE_STANDARD = gnu99;
				GCC_DYNAMIC_NO_PIC = NO;
				GCC_OPTIMIZATION_LEVEL = 0;
				GCC_PREPROCESSOR_DEFINITIONS = (
					"DEBUG=1",
					"$(inherited)",
				);
				GCC_SYMBOLS_PRIVATE_EXTERN = NO;
				GCC_WARN_64_TO_32_BIT_CONVERSION = YES;
				GCC_WARN_ABOUT_RETURN_TYPE = YES_ERROR;
				GCC_WARN_UNDECLARED_SELECTOR = YES;
				GCC_WARN_UNINITIALIZED_AUTOS = YES_AGGRESSIVE;
				GCC_WARN_UNUSED_FUNCTION = YES;
				GCC_WARN_UNUSED_VARIABLE = YES;
				IPHONEOS_DEPLOYMENT_TARGET = 8.1;
				MTL_ENABLE_DEBUG_INFO = YES;
				ONLY_ACTIVE_ARCH = YES;
				SDKROOT = iphoneos;
			};
			name = Debug;
		};
		1E77BE111B5CCB15003BED55 /* Release */ = {
			isa = XCBuildConfiguration;
			buildSettings = {
				ALWAYS_SEARCH_USER_PATHS = NO;
				CLANG_CXX_LANGUAGE_STANDARD = "gnu++0x";
				CLANG_CXX_LIBRARY = "libc++";
				CLANG_ENABLE_MODULES = YES;
				CLANG_ENABLE_OBJC_ARC = YES;
				CLANG_WARN_BOOL_CONVERSION = YES;
				CLANG_WARN_CONSTANT_CONVERSION = YES;
				CLANG_WARN_DIRECT_OBJC_ISA_USAGE = YES_ERROR;
				CLANG_WARN_EMPTY_BODY = YES;
				CLANG_WARN_ENUM_CONVERSION = YES;
				CLANG_WARN_INT_CONVERSION = YES;
				CLANG_WARN_OBJC_ROOT_CLASS = YES_ERROR;
				CLANG_WARN_UNREACHABLE_CODE = YES;
				CLANG_WARN__DUPLICATE_METHOD_MATCH = YES;
				"CODE_SIGN_IDENTITY[sdk=iphoneos*]" = "iPhone Developer";
				COPY_PHASE_STRIP = YES;
				ENABLE_NS_ASSERTIONS = NO;
				ENABLE_STRICT_OBJC_MSGSEND = YES;
				GCC_C_LANGUAGE_STANDARD = gnu99;
				GCC_WARN_64_TO_32_BIT_CONVERSION = YES;
				GCC_WARN_ABOUT_RETURN_TYPE = YES_ERROR;
				GCC_WARN_UNDECLARED_SELECTOR = YES;
				GCC_WARN_UNINITIALIZED_AUTOS = YES_AGGRESSIVE;
				GCC_WARN_UNUSED_FUNCTION = YES;
				GCC_WARN_UNUSED_VARIABLE = YES;
				IPHONEOS_DEPLOYMENT_TARGET = 8.1;
				MTL_ENABLE_DEBUG_INFO = NO;
				SDKROOT = iphoneos;
				VALIDATE_PRODUCT = YES;
			};
			name = Release;
		};
		1E77BE131B5CCB15003BED55 /* Debug */ = {
			isa = XCBuildConfiguration;
			buildSettings = {
				ASSETCATALOG_COMPILER_APPICON_NAME = AppIcon;
				INFOPLIST_FILE = XIBLoginRegist/Info.plist;
				LD_RUNPATH_SEARCH_PATHS = "$(inherited) @executable_path/Frameworks";
				PRODUCT_NAME = "$(TARGET_NAME)";
			};
			name = Debug;
		};
		1E77BE141B5CCB15003BED55 /* Release */ = {
			isa = XCBuildConfiguration;
			buildSettings = {
				ASSETCATALOG_COMPILER_APPICON_NAME = AppIcon;
				INFOPLIST_FILE = XIBLoginRegist/Info.plist;
				LD_RUNPATH_SEARCH_PATHS = "$(inherited) @executable_path/Frameworks";
				PRODUCT_NAME = "$(TARGET_NAME)";
			};
			name = Release;
		};
		1E77BE161B5CCB15003BED55 /* Debug */ = {
			isa = XCBuildConfiguration;
			buildSettings = {
				BUNDLE_LOADER = "$(TEST_HOST)";
				FRAMEWORK_SEARCH_PATHS = (
					"$(SDKROOT)/Developer/Library/Frameworks",
					"$(inherited)",
				);
				GCC_PREPROCESSOR_DEFINITIONS = (
					"DEBUG=1",
					"$(inherited)",
				);
				INFOPLIST_FILE = XIBLoginRegistTests/Info.plist;
				LD_RUNPATH_SEARCH_PATHS = "$(inherited) @executable_path/Frameworks @loader_path/Frameworks";
				PRODUCT_NAME = "$(TARGET_NAME)";
				TEST_HOST = "$(BUILT_PRODUCTS_DIR)/XIBLoginRegist.app/XIBLoginRegist";
			};
			name = Debug;
		};
		1E77BE171B5CCB15003BED55 /* Release */ = {
			isa = XCBuildConfiguration;
			buildSettings = {
				BUNDLE_LOADER = "$(TEST_HOST)";
				FRAMEWORK_SEARCH_PATHS = (
					"$(SDKROOT)/Developer/Library/Frameworks",
					"$(inherited)",
				);
				INFOPLIST_FILE = XIBLoginRegistTests/Info.plist;
				LD_RUNPATH_SEARCH_PATHS = "$(inherited) @executable_path/Frameworks @loader_path/Frameworks";
				PRODUCT_NAME = "$(TARGET_NAME)";
				TEST_HOST = "$(BUILT_PRODUCTS_DIR)/XIBLoginRegist.app/XIBLoginRegist";
			};
			name = Release;
		};
/* End XCBuildConfiguration section */

/* Begin XCConfigurationList section */
		1E77BDEA1B5CCB15003BED55 /* Build configuration list for PBXProject "XIBLoginRegist" */ = {
			isa = XCConfigurationList;
			buildConfigurations = (
				1E77BE101B5CCB15003BED55 /* Debug */,
				1E77BE111B5CCB15003BED55 /* Release */,
			);
			defaultConfigurationIsVisible = 0;
			defaultConfigurationName = Release;
		};
		1E77BE121B5CCB15003BED55 /* Build configuration list for PBXNativeTarget "XIBLoginRegist" */ = {
			isa = XCConfigurationList;
			buildConfigurations = (
				1E77BE131B5CCB15003BED55 /* Debug */,
				1E77BE141B5CCB15003BED55 /* Release */,
			);
			defaultConfigurationIsVisible = 0;
		};
		1E77BE151B5CCB15003BED55 /* Build configuration list for PBXNativeTarget "XIBLoginRegistTests" */ = {
			isa = XCConfigurationList;
			buildConfigurations = (
				1E77BE161B5CCB15003BED55 /* Debug */,
				1E77BE171B5CCB15003BED55 /* Release */,
			);
			defaultConfigurationIsVisible = 0;
		};
/* End XCConfigurationList section */
	};
	rootObject = 1E77BDE71B5CCB15003BED55 /* Project object */;
}
