// !$*UTF8*$!
{
	archiveVersion = 1;
	classes = {
	};
	objectVersion = 46;
	objects = {

/* Begin PBXBuildFile section */
		0486E12C1B8DFBA000D7F87F /* Default-568h@2x.png in Resources */ = {isa = PBXBuildFile; fileRef = 0486E12B1B8DFBA000D7F87F /* Default-568h@2x.png */; };
		C078A1F71B8D514D00956DE0 /* main.m in Sources */ = {isa = PBXBuildFile; fileRef = C078A1F61B8D514D00956DE0 /* main.m */; };
		C078A1FA1B8D514D00956DE0 /* AppDelegate.m in Sources */ = {isa = PBXBuildFile; fileRef = C078A1F91B8D514D00956DE0 /* AppDelegate.m */; };
		C078A1FD1B8D514D00956DE0 /* ViewController.m in Sources */ = {isa = PBXBuildFile; fileRef = C078A1FC1B8D514D00956DE0 /* ViewController.m */; };
		C078A2001B8D514D00956DE0 /* Main.storyboard in Resources */ = {isa = PBXBuildFile; fileRef = C078A1FE1B8D514D00956DE0 /* Main.storyboard */; };
		C078A2021B8D514D00956DE0 /* Images.xcassets in Resources */ = {isa = PBXBuildFile; fileRef = C078A2011B8D514D00956DE0 /* Images.xcassets */; };
		C078A2051B8D514D00956DE0 /* LaunchScreen.xib in Resources */ = {isa = PBXBuildFile; fileRef = C078A2031B8D514D00956DE0 /* LaunchScreen.xib */; };
		C078A2111B8D514D00956DE0 /* FMDBAddressbookTests.m in Sources */ = {isa = PBXBuildFile; fileRef = C078A2101B8D514D00956DE0 /* FMDBAddressbookTests.m */; };
		C078A21C1B8D551800956DE0 /* SecondVC.m in Sources */ = {isa = PBXBuildFile; fileRef = C078A21B1B8D551800956DE0 /* SecondVC.m */; };
		C078A21E1B8D620100956DE0 /* libsqlite3.0.dylib in Frameworks */ = {isa = PBXBuildFile; fileRef = C078A21D1B8D620100956DE0 /* libsqlite3.0.dylib */; };
		C078A2271B8D627900956DE0 /* FMDatabase.m in Sources */ = {isa = PBXBuildFile; fileRef = C078A2211B8D627800956DE0 /* FMDatabase.m */; };
		C078A2281B8D627900956DE0 /* FMDatabaseAdditions.m in Sources */ = {isa = PBXBuildFile; fileRef = C078A2231B8D627900956DE0 /* FMDatabaseAdditions.m */; };
		C078A2291B8D627900956DE0 /* FMResultSet.m in Sources */ = {isa = PBXBuildFile; fileRef = C078A2251B8D627900956DE0 /* FMResultSet.m */; };
		C078A22A1B8D627900956DE0 /* LICENSE.txt in Resources */ = {isa = PBXBuildFile; fileRef = C078A2261B8D627900956DE0 /* LICENSE.txt */; };
		C078A22D1B8D64AB00956DE0 /* DatabaseUtil.m in Sources */ = {isa = PBXBuildFile; fileRef = C078A22C1B8D64AB00956DE0 /* DatabaseUtil.m */; };
		C078A2301B8D6C8300956DE0 /* PeopleDAO.m in Sources */ = {isa = PBXBuildFile; fileRef = C078A22F1B8D6C8300956DE0 /* PeopleDAO.m */; };
		C078A2341B8D929500956DE0 /* NumberDAO.m in Sources */ = {isa = PBXBuildFile; fileRef = C078A2331B8D929500956DE0 /* NumberDAO.m */; };
		C078A2371B8D9A0400956DE0 /* People.m in Sources */ = {isa = PBXBuildFile; fileRef = C078A2361B8D9A0400956DE0 /* People.m */; };
/* End PBXBuildFile section */

/* Begin PBXContainerItemProxy section */
		C078A20B1B8D514D00956DE0 /* PBXContainerItemProxy */ = {
			isa = PBXContainerItemProxy;
			containerPortal = C078A1E91B8D514D00956DE0 /* Project object */;
			proxyType = 1;
			remoteGlobalIDString = C078A1F01B8D514D00956DE0;
			remoteInfo = FMDBAddressbook;
		};
/* End PBXContainerItemProxy section */

/* Begin PBXFileReference section */
		0486E12B1B8DFBA000D7F87F /* Default-568h@2x.png */ = {isa = PBXFileReference; lastKnownFileType = image.png; path = "Default-568h@2x.png"; sourceTree = "<group>"; };
		C078A1F11B8D514D00956DE0 /* FMDBAddressbook.app */ = {isa = PBXFileReference; explicitFileType = wrapper.application; includeInIndex = 0; path = FMDBAddressbook.app; sourceTree = BUILT_PRODUCTS_DIR; };
		C078A1F51B8D514D00956DE0 /* Info.plist */ = {isa = PBXFileReference; lastKnownFileType = text.plist.xml; path = Info.plist; sourceTree = "<group>"; };
		C078A1F61B8D514D00956DE0 /* main.m */ = {isa = PBXFileReference; lastKnownFileType = sourcecode.c.objc; path = main.m; sourceTree = "<group>"; };
		C078A1F81B8D514D00956DE0 /* AppDelegate.h */ = {isa = PBXFileReference; lastKnownFileType = sourcecode.c.h; path = AppDelegate.h; sourceTree = "<group>"; };
		C078A1F91B8D514D00956DE0 /* AppDelegate.m */ = {isa = PBXFileReference; lastKnownFileType = sourcecode.c.objc; path = AppDelegate.m; sourceTree = "<group>"; };
		C078A1FB1B8D514D00956DE0 /* ViewController.h */ = {isa = PBXFileReference; lastKnownFileType = sourcecode.c.h; path = ViewController.h; sourceTree = "<group>"; };
		C078A1FC1B8D514D00956DE0 /* ViewController.m */ = {isa = PBXFileReference; lastKnownFileType = sourcecode.c.objc; path = ViewController.m; sourceTree = "<group>"; };
		C078A1FF1B8D514D00956DE0 /* Base */ = {isa = PBXFileReference; lastKnownFileType = file.storyboard; name = Base; path = Base.lproj/Main.storyboard; sourceTree = "<group>"; };
		C078A2011B8D514D00956DE0 /* Images.xcassets */ = {isa = PBXFileReference; lastKnownFileType = folder.assetcatalog; path = Images.xcassets; sourceTree = "<group>"; };
		C078A2041B8D514D00956DE0 /* Base */ = {isa = PBXFileReference; lastKnownFileType = file.xib; name = Base; path = Base.lproj/LaunchScreen.xib; sourceTree = "<group>"; };
		C078A20A1B8D514D00956DE0 /* FMDBAddressbookTests.xctest */ = {isa = PBXFileReference; explicitFileType = wrapper.cfbundle; includeInIndex = 0; path = FMDBAddressbookTests.xctest; sourceTree = BUILT_PRODUCTS_DIR; };
		C078A20F1B8D514D00956DE0 /* Info.plist */ = {isa = PBXFileReference; lastKnownFileType = text.plist.xml; path = Info.plist; sourceTree = "<group>"; };
		C078A2101B8D514D00956DE0 /* FMDBAddressbookTests.m */ = {isa = PBXFileReference; lastKnownFileType = sourcecode.c.objc; path = FMDBAddressbookTests.m; sourceTree = "<group>"; };
		C078A21A1B8D551800956DE0 /* SecondVC.h */ = {isa = PBXFileReference; fileEncoding = 4; lastKnownFileType = sourcecode.c.h; path = SecondVC.h; sourceTree = "<group>"; };
		C078A21B1B8D551800956DE0 /* SecondVC.m */ = {isa = PBXFileReference; fileEncoding = 4; lastKnownFileType = sourcecode.c.objc; path = SecondVC.m; sourceTree = "<group>"; };
		C078A21D1B8D620100956DE0 /* libsqlite3.0.dylib */ = {isa = PBXFileReference; lastKnownFileType = "compiled.mach-o.dylib"; name = libsqlite3.0.dylib; path = usr/lib/libsqlite3.0.dylib; sourceTree = SDKROOT; };
		C078A2201B8D627800956DE0 /* FMDatabase.h */ = {isa = PBXFileReference; fileEncoding = 4; lastKnownFileType = sourcecode.c.h; path = FMDatabase.h; sourceTree = "<group>"; };
		C078A2211B8D627800956DE0 /* FMDatabase.m */ = {isa = PBXFileReference; fileEncoding = 4; lastKnownFileType = sourcecode.c.objc; path = FMDatabase.m; sourceTree = "<group>"; };
		C078A2221B8D627800956DE0 /* FMDatabaseAdditions.h */ = {isa = PBXFileReference; fileEncoding = 4; lastKnownFileType = sourcecode.c.h; path = FMDatabaseAdditions.h; sourceTree = "<group>"; };
		C078A2231B8D627900956DE0 /* FMDatabaseAdditions.m */ = {isa = PBXFileReference; fileEncoding = 4; lastKnownFileType = sourcecode.c.objc; path = FMDatabaseAdditions.m; sourceTree = "<group>"; };
		C078A2241B8D627900956DE0 /* FMResultSet.h */ = {isa = PBXFileReference; fileEncoding = 4; lastKnownFileType = sourcecode.c.h; path = FMResultSet.h; sourceTree = "<group>"; };
		C078A2251B8D627900956DE0 /* FMResultSet.m */ = {isa = PBXFileReference; fileEncoding = 4; lastKnownFileType = sourcecode.c.objc; path = FMResultSet.m; sourceTree = "<group>"; };
		C078A2261B8D627900956DE0 /* LICENSE.txt */ = {isa = PBXFileReference; fileEncoding = 4; lastKnownFileType = text; path = LICENSE.txt; sourceTree = "<group>"; };
		C078A22B1B8D64AB00956DE0 /* DatabaseUtil.h */ = {isa = PBXFileReference; fileEncoding = 4; lastKnownFileType = sourcecode.c.h; path = DatabaseUtil.h; sourceTree = "<group>"; };
		C078A22C1B8D64AB00956DE0 /* DatabaseUtil.m */ = {isa = PBXFileReference; fileEncoding = 4; lastKnownFileType = sourcecode.c.objc; path = DatabaseUtil.m; sourceTree = "<group>"; };
		C078A22E1B8D6C8300956DE0 /* PeopleDAO.h */ = {isa = PBXFileReference; fileEncoding = 4; lastKnownFileType = sourcecode.c.h; path = PeopleDAO.h; sourceTree = "<group>"; };
		C078A22F1B8D6C8300956DE0 /* PeopleDAO.m */ = {isa = PBXFileReference; fileEncoding = 4; lastKnownFileType = sourcecode.c.objc; path = PeopleDAO.m; sourceTree = "<group>"; };
		C078A2311B8D702F00956DE0 /* PrefixHeader.pch */ = {isa = PBXFileReference; lastKnownFileType = sourcecode.c.h; path = PrefixHeader.pch; sourceTree = "<group>"; };
		C078A2321B8D929500956DE0 /* NumberDAO.h */ = {isa = PBXFileReference; fileEncoding = 4; lastKnownFileType = sourcecode.c.h; path = NumberDAO.h; sourceTree = "<group>"; };
		C078A2331B8D929500956DE0 /* NumberDAO.m */ = {isa = PBXFileReference; fileEncoding = 4; lastKnownFileType = sourcecode.c.objc; path = NumberDAO.m; sourceTree = "<group>"; };
		C078A2351B8D9A0400956DE0 /* People.h */ = {isa = PBXFileReference; fileEncoding = 4; lastKnownFileType = sourcecode.c.h; path = People.h; sourceTree = "<group>"; };
		C078A2361B8D9A0400956DE0 /* People.m */ = {isa = PBXFileReference; fileEncoding = 4; lastKnownFileType = sourcecode.c.objc; path = People.m; sourceTree = "<group>"; };
/* End PBXFileReference section */

/* Begin PBXFrameworksBuildPhase section */
		C078A1EE1B8D514D00956DE0 /* Frameworks */ = {
			isa = PBXFrameworksBuildPhase;
			buildActionMask = 2147483647;
			files = (
				C078A21E1B8D620100956DE0 /* libsqlite3.0.dylib in Frameworks */,
			);
			runOnlyForDeploymentPostprocessing = 0;
		};
		C078A2071B8D514D00956DE0 /* Frameworks */ = {
			isa = PBXFrameworksBuildPhase;
			buildActionMask = 2147483647;
			files = (
			);
			runOnlyForDeploymentPostprocessing = 0;
		};
/* End PBXFrameworksBuildPhase section */

/* Begin PBXGroup section */
		C078A1E81B8D514D00956DE0 = {
			isa = PBXGroup;
			children = (
				0486E12B1B8DFBA000D7F87F /* Default-568h@2x.png */,
				C078A21D1B8D620100956DE0 /* libsqlite3.0.dylib */,
				C078A1F31B8D514D00956DE0 /* FMDBAddressbook */,
				C078A20D1B8D514D00956DE0 /* FMDBAddressbookTests */,
				C078A1F21B8D514D00956DE0 /* Products */,
			);
			sourceTree = "<group>";
		};
		C078A1F21B8D514D00956DE0 /* Products */ = {
			isa = PBXGroup;
			children = (
				C078A1F11B8D514D00956DE0 /* FMDBAddressbook.app */,
				C078A20A1B8D514D00956DE0 /* FMDBAddressbookTests.xctest */,
			);
			name = Products;
			sourceTree = "<group>";
		};
		C078A1F31B8D514D00956DE0 /* FMDBAddressbook */ = {
			isa = PBXGroup;
			children = (
				C078A21F1B8D627800956DE0 /* FMDB */,
				C078A1F81B8D514D00956DE0 /* AppDelegate.h */,
				C078A1F91B8D514D00956DE0 /* AppDelegate.m */,
				C078A1FB1B8D514D00956DE0 /* ViewController.h */,
				C078A1FC1B8D514D00956DE0 /* ViewController.m */,
				C078A1FE1B8D514D00956DE0 /* Main.storyboard */,
				C078A2011B8D514D00956DE0 /* Images.xcassets */,
				C078A2031B8D514D00956DE0 /* LaunchScreen.xib */,
				C078A21A1B8D551800956DE0 /* SecondVC.h */,
				C078A21B1B8D551800956DE0 /* SecondVC.m */,
				C078A1F41B8D514D00956DE0 /* Supporting Files */,
				C078A22B1B8D64AB00956DE0 /* DatabaseUtil.h */,
				C078A22C1B8D64AB00956DE0 /* DatabaseUtil.m */,
				C078A22E1B8D6C8300956DE0 /* PeopleDAO.h */,
				C078A22F1B8D6C8300956DE0 /* PeopleDAO.m */,
				C078A2321B8D929500956DE0 /* NumberDAO.h */,
				C078A2331B8D929500956DE0 /* NumberDAO.m */,
				C078A2351B8D9A0400956DE0 /* People.h */,
				C078A2361B8D9A0400956DE0 /* People.m */,
			);
			path = FMDBAddressbook;
			sourceTree = "<group>";
		};
		C078A1F41B8D514D00956DE0 /* Supporting Files */ = {
			isa = PBXGroup;
			children = (
				C078A1F51B8D514D00956DE0 /* Info.plist */,
				C078A1F61B8D514D00956DE0 /* main.m */,
				C078A2311B8D702F00956DE0 /* PrefixHeader.pch */,
			);
			name = "Supporting Files";
			sourceTree = "<group>";
		};
		C078A20D1B8D514D00956DE0 /* FMDBAddressbookTests */ = {
			isa = PBXGroup;
			children = (
				C078A2101B8D514D00956DE0 /* FMDBAddressbookTests.m */,
				C078A20E1B8D514D00956DE0 /* Supporting Files */,
			);
			path = FMDBAddressbookTests;
			sourceTree = "<group>";
		};
		C078A20E1B8D514D00956DE0 /* Supporting Files */ = {
			isa = PBXGroup;
			children = (
				C078A20F1B8D514D00956DE0 /* Info.plist */,
			);
			name = "Supporting Files";
			sourceTree = "<group>";
		};
		C078A21F1B8D627800956DE0 /* FMDB */ = {
			isa = PBXGroup;
			children = (
				C078A2201B8D627800956DE0 /* FMDatabase.h */,
				C078A2211B8D627800956DE0 /* FMDatabase.m */,
				C078A2221B8D627800956DE0 /* FMDatabaseAdditions.h */,
				C078A2231B8D627900956DE0 /* FMDatabaseAdditions.m */,
				C078A2241B8D627900956DE0 /* FMResultSet.h */,
				C078A2251B8D627900956DE0 /* FMResultSet.m */,
				C078A2261B8D627900956DE0 /* LICENSE.txt */,
			);
			path = FMDB;
			sourceTree = "<group>";
		};
/* End PBXGroup section */

/* Begin PBXNativeTarget section */
		C078A1F01B8D514D00956DE0 /* FMDBAddressbook */ = {
			isa = PBXNativeTarget;
			buildConfigurationList = C078A2141B8D514D00956DE0 /* Build configuration list for PBXNativeTarget "FMDBAddressbook" */;
			buildPhases = (
				C078A1ED1B8D514D00956DE0 /* Sources */,
				C078A1EE1B8D514D00956DE0 /* Frameworks */,
				C078A1EF1B8D514D00956DE0 /* Resources */,
			);
			buildRules = (
			);
			dependencies = (
			);
			name = FMDBAddressbook;
			productName = FMDBAddressbook;
			productReference = C078A1F11B8D514D00956DE0 /* FMDBAddressbook.app */;
			productType = "com.apple.product-type.application";
		};
		C078A2091B8D514D00956DE0 /* FMDBAddressbookTests */ = {
			isa = PBXNativeTarget;
			buildConfigurationList = C078A2171B8D514D00956DE0 /* Build configuration list for PBXNativeTarget "FMDBAddressbookTests" */;
			buildPhases = (
				C078A2061B8D514D00956DE0 /* Sources */,
				C078A2071B8D514D00956DE0 /* Frameworks */,
				C078A2081B8D514D00956DE0 /* Resources */,
			);
			buildRules = (
			);
			dependencies = (
				C078A20C1B8D514D00956DE0 /* PBXTargetDependency */,
			);
			name = FMDBAddressbookTests;
			productName = FMDBAddressbookTests;
			productReference = C078A20A1B8D514D00956DE0 /* FMDBAddressbookTests.xctest */;
			productType = "com.apple.product-type.bundle.unit-test";
		};
/* End PBXNativeTarget section */

/* Begin PBXProject section */
		C078A1E91B8D514D00956DE0 /* Project object */ = {
			isa = PBXProject;
			attributes = {
				LastUpgradeCheck = 0640;
				ORGANIZATIONNAME = sunhuayu;
				TargetAttributes = {
					C078A1F01B8D514D00956DE0 = {
						CreatedOnToolsVersion = 6.4;
					};
					C078A2091B8D514D00956DE0 = {
						CreatedOnToolsVersion = 6.4;
						TestTargetID = C078A1F01B8D514D00956DE0;
					};
				};
			};
			buildConfigurationList = C078A1EC1B8D514D00956DE0 /* Build configuration list for PBXProject "FMDBAddressbook" */;
			compatibilityVersion = "Xcode 3.2";
			developmentRegion = English;
			hasScannedForEncodings = 0;
			knownRegions = (
				en,
				Base,
			);
			mainGroup = C078A1E81B8D514D00956DE0;
			productRefGroup = C078A1F21B8D514D00956DE0 /* Products */;
			projectDirPath = "";
			projectRoot = "";
			targets = (
				C078A1F01B8D514D00956DE0 /* FMDBAddressbook */,
				C078A2091B8D514D00956DE0 /* FMDBAddressbookTests */,
			);
		};
/* End PBXProject section */

/* Begin PBXResourcesBuildPhase section */
		C078A1EF1B8D514D00956DE0 /* Resources */ = {
			isa = PBXResourcesBuildPhase;
			buildActionMask = 2147483647;
			files = (
				C078A22A1B8D627900956DE0 /* LICENSE.txt in Resources */,
				C078A2001B8D514D00956DE0 /* Main.storyboard in Resources */,
				C078A2051B8D514D00956DE0 /* LaunchScreen.xib in Resources */,
				0486E12C1B8DFBA000D7F87F /* Default-568h@2x.png in Resources */,
				C078A2021B8D514D00956DE0 /* Images.xcassets in Resources */,
			);
			runOnlyForDeploymentPostprocessing = 0;
		};
		C078A2081B8D514D00956DE0 /* Resources */ = {
			isa = PBXResourcesBuildPhase;
			buildActionMask = 2147483647;
			files = (
			);
			runOnlyForDeploymentPostprocessing = 0;
		};
/* End PBXResourcesBuildPhase section */

/* Begin PBXSourcesBuildPhase section */
		C078A1ED1B8D514D00956DE0 /* Sources */ = {
			isa = PBXSourcesBuildPhase;
			buildActionMask = 2147483647;
			files = (
				C078A1FD1B8D514D00956DE0 /* ViewController.m in Sources */,
				C078A1FA1B8D514D00956DE0 /* AppDelegate.m in Sources */,
				C078A2301B8D6C8300956DE0 /* PeopleDAO.m in Sources */,
				C078A2291B8D627900956DE0 /* FMResultSet.m in Sources */,
				C078A21C1B8D551800956DE0 /* SecondVC.m in Sources */,
				C078A2371B8D9A0400956DE0 /* People.m in Sources */,
				C078A2341B8D929500956DE0 /* NumberDAO.m in Sources */,
				C078A22D1B8D64AB00956DE0 /* DatabaseUtil.m in Sources */,
				C078A2271B8D627900956DE0 /* FMDatabase.m in Sources */,
				C078A1F71B8D514D00956DE0 /* main.m in Sources */,
				C078A2281B8D627900956DE0 /* FMDatabaseAdditions.m in Sources */,
			);
			runOnlyForDeploymentPostprocessing = 0;
		};
		C078A2061B8D514D00956DE0 /* Sources */ = {
			isa = PBXSourcesBuildPhase;
			buildActionMask = 2147483647;
			files = (
				C078A2111B8D514D00956DE0 /* FMDBAddressbookTests.m in Sources */,
			);
			runOnlyForDeploymentPostprocessing = 0;
		};
/* End PBXSourcesBuildPhase section */

/* Begin PBXTargetDependency section */
		C078A20C1B8D514D00956DE0 /* PBXTargetDependency */ = {
			isa = PBXTargetDependency;
			target = C078A1F01B8D514D00956DE0 /* FMDBAddressbook */;
			targetProxy = C078A20B1B8D514D00956DE0 /* PBXContainerItemProxy */;
		};
/* End PBXTargetDependency section */

/* Begin PBXVariantGroup section */
		C078A1FE1B8D514D00956DE0 /* Main.storyboard */ = {
			isa = PBXVariantGroup;
			children = (
				C078A1FF1B8D514D00956DE0 /* Base */,
			);
			name = Main.storyboard;
			sourceTree = "<group>";
		};
		C078A2031B8D514D00956DE0 /* LaunchScreen.xib */ = {
			isa = PBXVariantGroup;
			children = (
				C078A2041B8D514D00956DE0 /* Base */,
			);
			name = LaunchScreen.xib;
			sourceTree = "<group>";
		};
/* End PBXVariantGroup section */

/* Begin XCBuildConfiguration section */
		C078A2121B8D514D00956DE0 /* Debug */ = {
			isa = XCBuildConfiguration;
			buildSettings = {
				ALWAYS_SEARCH_USER_PATHS = NO;
				CLANG_CXX_LANGUAGE_STANDARD = "gnu++0x";
				CLANG_CXX_LIBRARY = "libc++";
				CLANG_ENABLE_MODULES = YES;
				CLANG_ENABLE_OBJC_ARC = YES;
				CLANG_WARN_BOOL_CONVERSION = YES;
				CLANG_WARN_CONSTANT_CONVERSION = YES;
				CLANG_WARN_DIRECT_OBJC_ISA_USAGE = YES_ERROR;
				CLANG_WARN_EMPTY_BODY = YES;
				CLANG_WARN_ENUM_CONVERSION = YES;
				CLANG_WARN_INT_CONVERSION = YES;
				CLANG_WARN_OBJC_ROOT_CLASS = YES_ERROR;
				CLANG_WARN_UNREACHABLE_CODE = YES;
				CLANG_WARN__DUPLICATE_METHOD_MATCH = YES;
				"CODE_SIGN_IDENTITY[sdk=iphoneos*]" = "iPhone Developer";
				COPY_PHASE_STRIP = NO;
				DEBUG_INFORMATION_FORMAT = "dwarf-with-dsym";
				ENABLE_STRICT_OBJC_MSGSEND = YES;
				GCC_C_LANGUAGE_STANDARD = gnu99;
				GCC_DYNAMIC_NO_PIC = NO;
				GCC_NO_COMMON_BLOCKS = YES;
				GCC_OPTIMIZATION_LEVEL = 0;
				GCC_PREPROCESSOR_DEFINITIONS = (
					"DEBUG=1",
					"$(inherited)",
				);
				GCC_SYMBOLS_PRIVATE_EXTERN = NO;
				GCC_WARN_64_TO_32_BIT_CONVERSION = YES;
				GCC_WARN_ABOUT_RETURN_TYPE = YES_ERROR;
				GCC_WARN_UNDECLARED_SELECTOR = YES;
				GCC_WARN_UNINITIALIZED_AUTOS = YES_AGGRESSIVE;
				GCC_WARN_UNUSED_FUNCTION = YES;
				GCC_WARN_UNUSED_VARIABLE = YES;
				IPHONEOS_DEPLOYMENT_TARGET = 8.4;
				MTL_ENABLE_DEBUG_INFO = YES;
				ONLY_ACTIVE_ARCH = YES;
				SDKROOT = iphoneos;
				TARGETED_DEVICE_FAMILY = "1,2";
			};
			name = Debug;
		};
		C078A2131B8D514D00956DE0 /* Release */ = {
			isa = XCBuildConfiguration;
			buildSettings = {
				ALWAYS_SEARCH_USER_PATHS = NO;
				CLANG_CXX_LANGUAGE_STANDARD = "gnu++0x";
				CLANG_CXX_LIBRARY = "libc++";
				CLANG_ENABLE_MODULES = YES;
				CLANG_ENABLE_OBJC_ARC = YES;
				CLANG_WARN_BOOL_CONVERSION = YES;
				CLANG_WARN_CONSTANT_CONVERSION = YES;
				CLANG_WARN_DIRECT_OBJC_ISA_USAGE = YES_ERROR;
				CLANG_WARN_EMPTY_BODY = YES;
				CLANG_WARN_ENUM_CONVERSION = YES;
				CLANG_WARN_INT_CONVERSION = YES;
				CLANG_WARN_OBJC_ROOT_CLASS = YES_ERROR;
				CLANG_WARN_UNREACHABLE_CODE = YES;
				CLANG_WARN__DUPLICATE_METHOD_MATCH = YES;
				"CODE_SIGN_IDENTITY[sdk=iphoneos*]" = "iPhone Developer";
				COPY_PHASE_STRIP = NO;
				DEBUG_INFORMATION_FORMAT = "dwarf-with-dsym";
				ENABLE_NS_ASSERTIONS = NO;
				ENABLE_STRICT_OBJC_MSGSEND = YES;
				GCC_C_LANGUAGE_STANDARD = gnu99;
				GCC_NO_COMMON_BLOCKS = YES;
				GCC_WARN_64_TO_32_BIT_CONVERSION = YES;
				GCC_WARN_ABOUT_RETURN_TYPE = YES_ERROR;
				GCC_WARN_UNDECLARED_SELECTOR = YES;
				GCC_WARN_UNINITIALIZED_AUTOS = YES_AGGRESSIVE;
				GCC_WARN_UNUSED_FUNCTION = YES;
				GCC_WARN_UNUSED_VARIABLE = YES;
				IPHONEOS_DEPLOYMENT_TARGET = 8.4;
				MTL_ENABLE_DEBUG_INFO = NO;
				SDKROOT = iphoneos;
				TARGETED_DEVICE_FAMILY = "1,2";
				VALIDATE_PRODUCT = YES;
			};
			name = Release;
		};
		C078A2151B8D514D00956DE0 /* Debug */ = {
			isa = XCBuildConfiguration;
			buildSettings = {
				ASSETCATALOG_COMPILER_APPICON_NAME = AppIcon;
				CLANG_ENABLE_OBJC_ARC = NO;
				GCC_PRECOMPILE_PREFIX_HEADER = YES;
				GCC_PREFIX_HEADER = FMDBAddressbook/PrefixHeader.pch;
				INFOPLIST_FILE = FMDBAddressbook/Info.plist;
				IPHONEOS_DEPLOYMENT_TARGET = 7.1;
				LD_RUNPATH_SEARCH_PATHS = "$(inherited) @executable_path/Frameworks";
				PRODUCT_NAME = "$(TARGET_NAME)";
			};
			name = Debug;
		};
		C078A2161B8D514D00956DE0 /* Release */ = {
			isa = XCBuildConfiguration;
			buildSettings = {
				ASSETCATALOG_COMPILER_APPICON_NAME = AppIcon;
				CLANG_ENABLE_OBJC_ARC = NO;
				GCC_PRECOMPILE_PREFIX_HEADER = YES;
				GCC_PREFIX_HEADER = FMDBAddressbook/PrefixHeader.pch;
				INFOPLIST_FILE = FMDBAddressbook/Info.plist;
				IPHONEOS_DEPLOYMENT_TARGET = 7.1;
				LD_RUNPATH_SEARCH_PATHS = "$(inherited) @executable_path/Frameworks";
				PRODUCT_NAME = "$(TARGET_NAME)";
			};
			name = Release;
		};
		C078A2181B8D514D00956DE0 /* Debug */ = {
			isa = XCBuildConfiguration;
			buildSettings = {
				BUNDLE_LOADER = "$(TEST_HOST)";
				FRAMEWORK_SEARCH_PATHS = (
					"$(SDKROOT)/Developer/Library/Frameworks",
					"$(inherited)",
				);
				GCC_PREPROCESSOR_DEFINITIONS = (
					"DEBUG=1",
					"$(inherited)",
				);
				INFOPLIST_FILE = FMDBAddressbookTests/Info.plist;
				IPHONEOS_DEPLOYMENT_TARGET = 7.1;
				LD_RUNPATH_SEARCH_PATHS = "$(inherited) @executable_path/Frameworks @loader_path/Frameworks";
				PRODUCT_NAME = "$(TARGET_NAME)";
				TEST_HOST = "$(BUILT_PRODUCTS_DIR)/FMDBAddressbook.app/FMDBAddressbook";
			};
			name = Debug;
		};
		C078A2191B8D514D00956DE0 /* Release */ = {
			isa = XCBuildConfiguration;
			buildSettings = {
				BUNDLE_LOADER = "$(TEST_HOST)";
				FRAMEWORK_SEARCH_PATHS = (
					"$(SDKROOT)/Developer/Library/Frameworks",
					"$(inherited)",
				);
				INFOPLIST_FILE = FMDBAddressbookTests/Info.plist;
				IPHONEOS_DEPLOYMENT_TARGET = 7.1;
				LD_RUNPATH_SEARCH_PATHS = "$(inherited) @executable_path/Frameworks @loader_path/Frameworks";
				PRODUCT_NAME = "$(TARGET_NAME)";
				TEST_HOST = "$(BUILT_PRODUCTS_DIR)/FMDBAddressbook.app/FMDBAddressbook";
			};
			name = Release;
		};
/* End XCBuildConfiguration section */

/* Begin XCConfigurationList section */
		C078A1EC1B8D514D00956DE0 /* Build configuration list for PBXProject "FMDBAddressbook" */ = {
			isa = XCConfigurationList;
			buildConfigurations = (
				C078A2121B8D514D00956DE0 /* Debug */,
				C078A2131B8D514D00956DE0 /* Release */,
			);
			defaultConfigurationIsVisible = 0;
			defaultConfigurationName = Release;
		};
		C078A2141B8D514D00956DE0 /* Build configuration list for PBXNativeTarget "FMDBAddressbook" */ = {
			isa = XCConfigurationList;
			buildConfigurations = (
				C078A2151B8D514D00956DE0 /* Debug */,
				C078A2161B8D514D00956DE0 /* Release */,
			);
			defaultConfigurationIsVisible = 0;
			defaultConfigurationName = Release;
		};
		C078A2171B8D514D00956DE0 /* Build configuration list for PBXNativeTarget "FMDBAddressbookTests" */ = {
			isa = XCConfigurationList;
			buildConfigurations = (
				C078A2181B8D514D00956DE0 /* Debug */,
				C078A2191B8D514D00956DE0 /* Release */,
			);
			defaultConfigurationIsVisible = 0;
			defaultConfigurationName = Release;
		};
/* End XCConfigurationList section */
	};
	rootObject = C078A1E91B8D514D00956DE0 /* Project object */;
}
