// !$*UTF8*$!
{
	archiveVersion = 1;
	classes = {
	};
	objectVersion = 46;
	objects = {

/* Begin PBXBuildFile section */
		C060AF811B82CA4900C2CD73 /* main.m in Sources */ = {isa = PBXBuildFile; fileRef = C060AF801B82CA4900C2CD73 /* main.m */; };
		C060AF841B82CA4900C2CD73 /* AppDelegate.m in Sources */ = {isa = PBXBuildFile; fileRef = C060AF831B82CA4900C2CD73 /* AppDelegate.m */; };
		C060AF871B82CA4900C2CD73 /* ViewController.m in Sources */ = {isa = PBXBuildFile; fileRef = C060AF861B82CA4900C2CD73 /* ViewController.m */; };
		C060AF8A1B82CA4900C2CD73 /* Main.storyboard in Resources */ = {isa = PBXBuildFile; fileRef = C060AF881B82CA4900C2CD73 /* Main.storyboard */; };
		C060AF8C1B82CA4900C2CD73 /* Images.xcassets in Resources */ = {isa = PBXBuildFile; fileRef = C060AF8B1B82CA4900C2CD73 /* Images.xcassets */; };
		C060AF8F1B82CA4900C2CD73 /* LaunchScreen.xib in Resources */ = {isa = PBXBuildFile; fileRef = C060AF8D1B82CA4900C2CD73 /* LaunchScreen.xib */; };
		C060AF9B1B82CA4A00C2CD73 /* DataSaveTests.m in Sources */ = {isa = PBXBuildFile; fileRef = C060AF9A1B82CA4A00C2CD73 /* DataSaveTests.m */; };
/* End PBXBuildFile section */

/* Begin PBXContainerItemProxy section */
		C060AF951B82CA4A00C2CD73 /* PBXContainerItemProxy */ = {
			isa = PBXContainerItemProxy;
			containerPortal = C060AF731B82CA4900C2CD73 /* Project object */;
			proxyType = 1;
			remoteGlobalIDString = C060AF7A1B82CA4900C2CD73;
			remoteInfo = DataSave;
		};
/* End PBXContainerItemProxy section */

/* Begin PBXFileReference section */
		C060AF7B1B82CA4900C2CD73 /* DataSave.app */ = {isa = PBXFileReference; explicitFileType = wrapper.application; includeInIndex = 0; path = DataSave.app; sourceTree = BUILT_PRODUCTS_DIR; };
		C060AF7F1B82CA4900C2CD73 /* Info.plist */ = {isa = PBXFileReference; lastKnownFileType = text.plist.xml; path = Info.plist; sourceTree = "<group>"; };
		C060AF801B82CA4900C2CD73 /* main.m */ = {isa = PBXFileReference; lastKnownFileType = sourcecode.c.objc; path = main.m; sourceTree = "<group>"; };
		C060AF821B82CA4900C2CD73 /* AppDelegate.h */ = {isa = PBXFileReference; lastKnownFileType = sourcecode.c.h; path = AppDelegate.h; sourceTree = "<group>"; };
		C060AF831B82CA4900C2CD73 /* AppDelegate.m */ = {isa = PBXFileReference; lastKnownFileType = sourcecode.c.objc; path = AppDelegate.m; sourceTree = "<group>"; };
		C060AF851B82CA4900C2CD73 /* ViewController.h */ = {isa = PBXFileReference; lastKnownFileType = sourcecode.c.h; path = ViewController.h; sourceTree = "<group>"; };
		C060AF861B82CA4900C2CD73 /* ViewController.m */ = {isa = PBXFileReference; lastKnownFileType = sourcecode.c.objc; path = ViewController.m; sourceTree = "<group>"; };
		C060AF891B82CA4900C2CD73 /* Base */ = {isa = PBXFileReference; lastKnownFileType = file.storyboard; name = Base; path = Base.lproj/Main.storyboard; sourceTree = "<group>"; };
		C060AF8B1B82CA4900C2CD73 /* Images.xcassets */ = {isa = PBXFileReference; lastKnownFileType = folder.assetcatalog; path = Images.xcassets; sourceTree = "<group>"; };
		C060AF8E1B82CA4900C2CD73 /* Base */ = {isa = PBXFileReference; lastKnownFileType = file.xib; name = Base; path = Base.lproj/LaunchScreen.xib; sourceTree = "<group>"; };
		C060AF941B82CA4A00C2CD73 /* DataSaveTests.xctest */ = {isa = PBXFileReference; explicitFileType = wrapper.cfbundle; includeInIndex = 0; path = DataSaveTests.xctest; sourceTree = BUILT_PRODUCTS_DIR; };
		C060AF991B82CA4A00C2CD73 /* Info.plist */ = {isa = PBXFileReference; lastKnownFileType = text.plist.xml; path = Info.plist; sourceTree = "<group>"; };
		C060AF9A1B82CA4A00C2CD73 /* DataSaveTests.m */ = {isa = PBXFileReference; lastKnownFileType = sourcecode.c.objc; path = DataSaveTests.m; sourceTree = "<group>"; };
/* End PBXFileReference section */

/* Begin PBXFrameworksBuildPhase section */
		C060AF781B82CA4900C2CD73 /* Frameworks */ = {
			isa = PBXFrameworksBuildPhase;
			buildActionMask = 2147483647;
			files = (
			);
			runOnlyForDeploymentPostprocessing = 0;
		};
		C060AF911B82CA4A00C2CD73 /* Frameworks */ = {
			isa = PBXFrameworksBuildPhase;
			buildActionMask = 2147483647;
			files = (
			);
			runOnlyForDeploymentPostprocessing = 0;
		};
/* End PBXFrameworksBuildPhase section */

/* Begin PBXGroup section */
		C060AF721B82CA4900C2CD73 = {
			isa = PBXGroup;
			children = (
				C060AF7D1B82CA4900C2CD73 /* DataSave */,
				C060AF971B82CA4A00C2CD73 /* DataSaveTests */,
				C060AF7C1B82CA4900C2CD73 /* Products */,
			);
			sourceTree = "<group>";
		};
		C060AF7C1B82CA4900C2CD73 /* Products */ = {
			isa = PBXGroup;
			children = (
				C060AF7B1B82CA4900C2CD73 /* DataSave.app */,
				C060AF941B82CA4A00C2CD73 /* DataSaveTests.xctest */,
			);
			name = Products;
			sourceTree = "<group>";
		};
		C060AF7D1B82CA4900C2CD73 /* DataSave */ = {
			isa = PBXGroup;
			children = (
				C060AF821B82CA4900C2CD73 /* AppDelegate.h */,
				C060AF831B82CA4900C2CD73 /* AppDelegate.m */,
				C060AF851B82CA4900C2CD73 /* ViewController.h */,
				C060AF861B82CA4900C2CD73 /* ViewController.m */,
				C060AF881B82CA4900C2CD73 /* Main.storyboard */,
				C060AF8B1B82CA4900C2CD73 /* Images.xcassets */,
				C060AF8D1B82CA4900C2CD73 /* LaunchScreen.xib */,
				C060AF7E1B82CA4900C2CD73 /* Supporting Files */,
			);
			path = DataSave;
			sourceTree = "<group>";
		};
		C060AF7E1B82CA4900C2CD73 /* Supporting Files */ = {
			isa = PBXGroup;
			children = (
				C060AF7F1B82CA4900C2CD73 /* Info.plist */,
				C060AF801B82CA4900C2CD73 /* main.m */,
			);
			name = "Supporting Files";
			sourceTree = "<group>";
		};
		C060AF971B82CA4A00C2CD73 /* DataSaveTests */ = {
			isa = PBXGroup;
			children = (
				C060AF9A1B82CA4A00C2CD73 /* DataSaveTests.m */,
				C060AF981B82CA4A00C2CD73 /* Supporting Files */,
			);
			path = DataSaveTests;
			sourceTree = "<group>";
		};
		C060AF981B82CA4A00C2CD73 /* Supporting Files */ = {
			isa = PBXGroup;
			children = (
				C060AF991B82CA4A00C2CD73 /* Info.plist */,
			);
			name = "Supporting Files";
			sourceTree = "<group>";
		};
/* End PBXGroup section */

/* Begin PBXNativeTarget section */
		C060AF7A1B82CA4900C2CD73 /* DataSave */ = {
			isa = PBXNativeTarget;
			buildConfigurationList = C060AF9E1B82CA4A00C2CD73 /* Build configuration list for PBXNativeTarget "DataSave" */;
			buildPhases = (
				C060AF771B82CA4900C2CD73 /* Sources */,
				C060AF781B82CA4900C2CD73 /* Frameworks */,
				C060AF791B82CA4900C2CD73 /* Resources */,
			);
			buildRules = (
			);
			dependencies = (
			);
			name = DataSave;
			productName = DataSave;
			productReference = C060AF7B1B82CA4900C2CD73 /* DataSave.app */;
			productType = "com.apple.product-type.application";
		};
		C060AF931B82CA4A00C2CD73 /* DataSaveTests */ = {
			isa = PBXNativeTarget;
			buildConfigurationList = C060AFA11B82CA4A00C2CD73 /* Build configuration list for PBXNativeTarget "DataSaveTests" */;
			buildPhases = (
				C060AF901B82CA4A00C2CD73 /* Sources */,
				C060AF911B82CA4A00C2CD73 /* Frameworks */,
				C060AF921B82CA4A00C2CD73 /* Resources */,
			);
			buildRules = (
			);
			dependencies = (
				C060AF961B82CA4A00C2CD73 /* PBXTargetDependency */,
			);
			name = DataSaveTests;
			productName = DataSaveTests;
			productReference = C060AF941B82CA4A00C2CD73 /* DataSaveTests.xctest */;
			productType = "com.apple.product-type.bundle.unit-test";
		};
/* End PBXNativeTarget section */

/* Begin PBXProject section */
		C060AF731B82CA4900C2CD73 /* Project object */ = {
			isa = PBXProject;
			attributes = {
				LastUpgradeCheck = 0640;
				ORGANIZATIONNAME = sunhuayu;
				TargetAttributes = {
					C060AF7A1B82CA4900C2CD73 = {
						CreatedOnToolsVersion = 6.4;
					};
					C060AF931B82CA4A00C2CD73 = {
						CreatedOnToolsVersion = 6.4;
						TestTargetID = C060AF7A1B82CA4900C2CD73;
					};
				};
			};
			buildConfigurationList = C060AF761B82CA4900C2CD73 /* Build configuration list for PBXProject "DataSave" */;
			compatibilityVersion = "Xcode 3.2";
			developmentRegion = English;
			hasScannedForEncodings = 0;
			knownRegions = (
				en,
				Base,
			);
			mainGroup = C060AF721B82CA4900C2CD73;
			productRefGroup = C060AF7C1B82CA4900C2CD73 /* Products */;
			projectDirPath = "";
			projectRoot = "";
			targets = (
				C060AF7A1B82CA4900C2CD73 /* DataSave */,
				C060AF931B82CA4A00C2CD73 /* DataSaveTests */,
			);
		};
/* End PBXProject section */

/* Begin PBXResourcesBuildPhase section */
		C060AF791B82CA4900C2CD73 /* Resources */ = {
			isa = PBXResourcesBuildPhase;
			buildActionMask = 2147483647;
			files = (
				C060AF8A1B82CA4900C2CD73 /* Main.storyboard in Resources */,
				C060AF8F1B82CA4900C2CD73 /* LaunchScreen.xib in Resources */,
				C060AF8C1B82CA4900C2CD73 /* Images.xcassets in Resources */,
			);
			runOnlyForDeploymentPostprocessing = 0;
		};
		C060AF921B82CA4A00C2CD73 /* Resources */ = {
			isa = PBXResourcesBuildPhase;
			buildActionMask = 2147483647;
			files = (
			);
			runOnlyForDeploymentPostprocessing = 0;
		};
/* End PBXResourcesBuildPhase section */

/* Begin PBXSourcesBuildPhase section */
		C060AF771B82CA4900C2CD73 /* Sources */ = {
			isa = PBXSourcesBuildPhase;
			buildActionMask = 2147483647;
			files = (
				C060AF871B82CA4900C2CD73 /* ViewController.m in Sources */,
				C060AF841B82CA4900C2CD73 /* AppDelegate.m in Sources */,
				C060AF811B82CA4900C2CD73 /* main.m in Sources */,
			);
			runOnlyForDeploymentPostprocessing = 0;
		};
		C060AF901B82CA4A00C2CD73 /* Sources */ = {
			isa = PBXSourcesBuildPhase;
			buildActionMask = 2147483647;
			files = (
				C060AF9B1B82CA4A00C2CD73 /* DataSaveTests.m in Sources */,
			);
			runOnlyForDeploymentPostprocessing = 0;
		};
/* End PBXSourcesBuildPhase section */

/* Begin PBXTargetDependency section */
		C060AF961B82CA4A00C2CD73 /* PBXTargetDependency */ = {
			isa = PBXTargetDependency;
			target = C060AF7A1B82CA4900C2CD73 /* DataSave */;
			targetProxy = C060AF951B82CA4A00C2CD73 /* PBXContainerItemProxy */;
		};
/* End PBXTargetDependency section */

/* Begin PBXVariantGroup section */
		C060AF881B82CA4900C2CD73 /* Main.storyboard */ = {
			isa = PBXVariantGroup;
			children = (
				C060AF891B82CA4900C2CD73 /* Base */,
			);
			name = Main.storyboard;
			sourceTree = "<group>";
		};
		C060AF8D1B82CA4900C2CD73 /* LaunchScreen.xib */ = {
			isa = PBXVariantGroup;
			children = (
				C060AF8E1B82CA4900C2CD73 /* Base */,
			);
			name = LaunchScreen.xib;
			sourceTree = "<group>";
		};
/* End PBXVariantGroup section */

/* Begin XCBuildConfiguration section */
		C060AF9C1B82CA4A00C2CD73 /* Debug */ = {
			isa = XCBuildConfiguration;
			buildSettings = {
				ALWAYS_SEARCH_USER_PATHS = NO;
				CLANG_CXX_LANGUAGE_STANDARD = "gnu++0x";
				CLANG_CXX_LIBRARY = "libc++";
				CLANG_ENABLE_MODULES = YES;
				CLANG_ENABLE_OBJC_ARC = YES;
				CLANG_WARN_BOOL_CONVERSION = YES;
				CLANG_WARN_CONSTANT_CONVERSION = YES;
				CLANG_WARN_DIRECT_OBJC_ISA_USAGE = YES_ERROR;
				CLANG_WARN_EMPTY_BODY = YES;
				CLANG_WARN_ENUM_CONVERSION = YES;
				CLANG_WARN_INT_CONVERSION = YES;
				CLANG_WARN_OBJC_ROOT_CLASS = YES_ERROR;
				CLANG_WARN_UNREACHABLE_CODE = YES;
				CLANG_WARN__DUPLICATE_METHOD_MATCH = YES;
				"CODE_SIGN_IDENTITY[sdk=iphoneos*]" = "iPhone Developer";
				COPY_PHASE_STRIP = NO;
				DEBUG_INFORMATION_FORMAT = "dwarf-with-dsym";
				ENABLE_STRICT_OBJC_MSGSEND = YES;
				GCC_C_LANGUAGE_STANDARD = gnu99;
				GCC_DYNAMIC_NO_PIC = NO;
				GCC_NO_COMMON_BLOCKS = YES;
				GCC_OPTIMIZATION_LEVEL = 0;
				GCC_PREPROCESSOR_DEFINITIONS = (
					"DEBUG=1",
					"$(inherited)",
				);
				GCC_SYMBOLS_PRIVATE_EXTERN = NO;
				GCC_WARN_64_TO_32_BIT_CONVERSION = YES;
				GCC_WARN_ABOUT_RETURN_TYPE = YES_ERROR;
				GCC_WARN_UNDECLARED_SELECTOR = YES;
				GCC_WARN_UNINITIALIZED_AUTOS = YES_AGGRESSIVE;
				GCC_WARN_UNUSED_FUNCTION = YES;
				GCC_WARN_UNUSED_VARIABLE = YES;
				IPHONEOS_DEPLOYMENT_TARGET = 8.4;
				MTL_ENABLE_DEBUG_INFO = YES;
				ONLY_ACTIVE_ARCH = YES;
				SDKROOT = iphoneos;
				TARGETED_DEVICE_FAMILY = "1,2";
			};
			name = Debug;
		};
		C060AF9D1B82CA4A00C2CD73 /* Release */ = {
			isa = XCBuildConfiguration;
			buildSettings = {
				ALWAYS_SEARCH_USER_PATHS = NO;
				CLANG_CXX_LANGUAGE_STANDARD = "gnu++0x";
				CLANG_CXX_LIBRARY = "libc++";
				CLANG_ENABLE_MODULES = YES;
				CLANG_ENABLE_OBJC_ARC = YES;
				CLANG_WARN_BOOL_CONVERSION = YES;
				CLANG_WARN_CONSTANT_CONVERSION = YES;
				CLANG_WARN_DIRECT_OBJC_ISA_USAGE = YES_ERROR;
				CLANG_WARN_EMPTY_BODY = YES;
				CLANG_WARN_ENUM_CONVERSION = YES;
				CLANG_WARN_INT_CONVERSION = YES;
				CLANG_WARN_OBJC_ROOT_CLASS = YES_ERROR;
				CLANG_WARN_UNREACHABLE_CODE = YES;
				CLANG_WARN__DUPLICATE_METHOD_MATCH = YES;
				"CODE_SIGN_IDENTITY[sdk=iphoneos*]" = "iPhone Developer";
				COPY_PHASE_STRIP = NO;
				DEBUG_INFORMATION_FORMAT = "dwarf-with-dsym";
				ENABLE_NS_ASSERTIONS = NO;
				ENABLE_STRICT_OBJC_MSGSEND = YES;
				GCC_C_LANGUAGE_STANDARD = gnu99;
				GCC_NO_COMMON_BLOCKS = YES;
				GCC_WARN_64_TO_32_BIT_CONVERSION = YES;
				GCC_WARN_ABOUT_RETURN_TYPE = YES_ERROR;
				GCC_WARN_UNDECLARED_SELECTOR = YES;
				GCC_WARN_UNINITIALIZED_AUTOS = YES_AGGRESSIVE;
				GCC_WARN_UNUSED_FUNCTION = YES;
				GCC_WARN_UNUSED_VARIABLE = YES;
				IPHONEOS_DEPLOYMENT_TARGET = 8.4;
				MTL_ENABLE_DEBUG_INFO = NO;
				SDKROOT = iphoneos;
				TARGETED_DEVICE_FAMILY = "1,2";
				VALIDATE_PRODUCT = YES;
			};
			name = Release;
		};
		C060AF9F1B82CA4A00C2CD73 /* Debug */ = {
			isa = XCBuildConfiguration;
			buildSettings = {
				ASSETCATALOG_COMPILER_APPICON_NAME = AppIcon;
				CLANG_ENABLE_OBJC_ARC = NO;
				INFOPLIST_FILE = DataSave/Info.plist;
				LD_RUNPATH_SEARCH_PATHS = "$(inherited) @executable_path/Frameworks";
				PRODUCT_NAME = "$(TARGET_NAME)";
			};
			name = Debug;
		};
		C060AFA01B82CA4A00C2CD73 /* Release */ = {
			isa = XCBuildConfiguration;
			buildSettings = {
				ASSETCATALOG_COMPILER_APPICON_NAME = AppIcon;
				CLANG_ENABLE_OBJC_ARC = NO;
				INFOPLIST_FILE = DataSave/Info.plist;
				LD_RUNPATH_SEARCH_PATHS = "$(inherited) @executable_path/Frameworks";
				PRODUCT_NAME = "$(TARGET_NAME)";
			};
			name = Release;
		};
		C060AFA21B82CA4A00C2CD73 /* Debug */ = {
			isa = XCBuildConfiguration;
			buildSettings = {
				BUNDLE_LOADER = "$(TEST_HOST)";
				FRAMEWORK_SEARCH_PATHS = (
					"$(SDKROOT)/Developer/Library/Frameworks",
					"$(inherited)",
				);
				GCC_PREPROCESSOR_DEFINITIONS = (
					"DEBUG=1",
					"$(inherited)",
				);
				INFOPLIST_FILE = DataSaveTests/Info.plist;
				LD_RUNPATH_SEARCH_PATHS = "$(inherited) @executable_path/Frameworks @loader_path/Frameworks";
				PRODUCT_NAME = "$(TARGET_NAME)";
				TEST_HOST = "$(BUILT_PRODUCTS_DIR)/DataSave.app/DataSave";
			};
			name = Debug;
		};
		C060AFA31B82CA4A00C2CD73 /* Release */ = {
			isa = XCBuildConfiguration;
			buildSettings = {
				BUNDLE_LOADER = "$(TEST_HOST)";
				FRAMEWORK_SEARCH_PATHS = (
					"$(SDKROOT)/Developer/Library/Frameworks",
					"$(inherited)",
				);
				INFOPLIST_FILE = DataSaveTests/Info.plist;
				LD_RUNPATH_SEARCH_PATHS = "$(inherited) @executable_path/Frameworks @loader_path/Frameworks";
				PRODUCT_NAME = "$(TARGET_NAME)";
				TEST_HOST = "$(BUILT_PRODUCTS_DIR)/DataSave.app/DataSave";
			};
			name = Release;
		};
/* End XCBuildConfiguration section */

/* Begin XCConfigurationList section */
		C060AF761B82CA4900C2CD73 /* Build configuration list for PBXProject "DataSave" */ = {
			isa = XCConfigurationList;
			buildConfigurations = (
				C060AF9C1B82CA4A00C2CD73 /* Debug */,
				C060AF9D1B82CA4A00C2CD73 /* Release */,
			);
			defaultConfigurationIsVisible = 0;
			defaultConfigurationName = Release;
		};
		C060AF9E1B82CA4A00C2CD73 /* Build configuration list for PBXNativeTarget "DataSave" */ = {
			isa = XCConfigurationList;
			buildConfigurations = (
				C060AF9F1B82CA4A00C2CD73 /* Debug */,
				C060AFA01B82CA4A00C2CD73 /* Release */,
			);
			defaultConfigurationIsVisible = 0;
		};
		C060AFA11B82CA4A00C2CD73 /* Build configuration list for PBXNativeTarget "DataSaveTests" */ = {
			isa = XCConfigurationList;
			buildConfigurations = (
				C060AFA21B82CA4A00C2CD73 /* Debug */,
				C060AFA31B82CA4A00C2CD73 /* Release */,
			);
			defaultConfigurationIsVisible = 0;
		};
/* End XCConfigurationList section */
	};
	rootObject = C060AF731B82CA4900C2CD73 /* Project object */;
}
